// !$*UTF8*$!
{
	archiveVersion = 1;
	classes = {
	};
	objectVersion = 56;
	objects = {

/* Begin PBXBuildFile section */
		55905B4E29C458A7007DF3AF /* AppDelegate.swift in Sources */ = {isa = PBXBuildFile; fileRef = 55905B4D29C458A7007DF3AF /* AppDelegate.swift */; };
		55905B5029C458A7007DF3AF /* SceneDelegate.swift in Sources */ = {isa = PBXBuildFile; fileRef = 55905B4F29C458A7007DF3AF /* SceneDelegate.swift */; };
		55905B5329C458A7007DF3AF /* LaunchScreen.storyboard in Resources */ = {isa = PBXBuildFile; fileRef = 55905B5129C458A7007DF3AF /* LaunchScreen.storyboard */; };
		55905B5629C458A7007DF3AF /* Main.storyboard in Resources */ = {isa = PBXBuildFile; fileRef = 55905B5429C458A7007DF3AF /* Main.storyboard */; };
		55905B5F29C458A7007DF3AF /* AppDelegate.swift in Sources */ = {isa = PBXBuildFile; fileRef = 55905B5E29C458A7007DF3AF /* AppDelegate.swift */; };
		55905B6229C458A7007DF3AF /* Main.storyboard in Resources */ = {isa = PBXBuildFile; fileRef = 55905B6029C458A7007DF3AF /* Main.storyboard */; };
		55905B6A29C458A7007DF3AF /* Glarity Extension.appex in Embed Foundation Extensions */ = {isa = PBXBuildFile; fileRef = 55905B6929C458A7007DF3AF /* Glarity Extension.appex */; settings = {ATTRIBUTES = (RemoveHeadersOnCopy, ); }; };
		55905B7429C458A7007DF3AF /* Glarity Extension.appex in Embed Foundation Extensions */ = {isa = PBXBuildFile; fileRef = 55905B7329C458A7007DF3AF /* Glarity Extension.appex */; settings = {ATTRIBUTES = (RemoveHeadersOnCopy, ); }; };
		55905B7A29C458A7007DF3AF /* Main.html in Resources */ = {isa = PBXBuildFile; fileRef = 55905B3D29C458A5007DF3AF /* Main.html */; };
		55905B7B29C458A7007DF3AF /* Main.html in Resources */ = {isa = PBXBuildFile; fileRef = 55905B3D29C458A5007DF3AF /* Main.html */; };
		55905B7C29C458A7007DF3AF /* Icon.png in Resources */ = {isa = PBXBuildFile; fileRef = 55905B3F29C458A5007DF3AF /* Icon.png */; };
		55905B7D29C458A7007DF3AF /* Icon.png in Resources */ = {isa = PBXBuildFile; fileRef = 55905B3F29C458A5007DF3AF /* Icon.png */; };
		55905B7E29C458A7007DF3AF /* Style.css in Resources */ = {isa = PBXBuildFile; fileRef = 55905B4029C458A5007DF3AF /* Style.css */; };
		55905B7F29C458A7007DF3AF /* Style.css in Resources */ = {isa = PBXBuildFile; fileRef = 55905B4029C458A5007DF3AF /* Style.css */; };
		55905B8029C458A7007DF3AF /* Script.js in Resources */ = {isa = PBXBuildFile; fileRef = 55905B4129C458A5007DF3AF /* Script.js */; };
		55905B8129C458A7007DF3AF /* Script.js in Resources */ = {isa = PBXBuildFile; fileRef = 55905B4129C458A5007DF3AF /* Script.js */; };
		55905B8229C458A7007DF3AF /* ViewController.swift in Sources */ = {isa = PBXBuildFile; fileRef = 55905B4229C458A5007DF3AF /* ViewController.swift */; };
		55905B8329C458A7007DF3AF /* ViewController.swift in Sources */ = {isa = PBXBuildFile; fileRef = 55905B4229C458A5007DF3AF /* ViewController.swift */; };
		55905B8429C458A7007DF3AF /* Assets.xcassets in Resources */ = {isa = PBXBuildFile; fileRef = 55905B4329C458A7007DF3AF /* Assets.xcassets */; };
		55905B8529C458A7007DF3AF /* Assets.xcassets in Resources */ = {isa = PBXBuildFile; fileRef = 55905B4329C458A7007DF3AF /* Assets.xcassets */; };
		55905B8629C458A7007DF3AF /* SafariWebExtensionHandler.swift in Sources */ = {isa = PBXBuildFile; fileRef = 55905B4529C458A7007DF3AF /* SafariWebExtensionHandler.swift */; };
		55905B8729C458A7007DF3AF /* SafariWebExtensionHandler.swift in Sources */ = {isa = PBXBuildFile; fileRef = 55905B4529C458A7007DF3AF /* SafariWebExtensionHandler.swift */; };
		55905BA929C458A8007DF3AF /* content-script.css in Resources */ = {isa = PBXBuildFile; fileRef = 55905B9929C458A8007DF3AF /* content-script.css */; };
		55905BAA29C458A8007DF3AF /* logo-128.png in Resources */ = {isa = PBXBuildFile; fileRef = 55905B9A29C458A8007DF3AF /* logo-128.png */; };
		55905BAB29C458A8007DF3AF /* popup.js in Resources */ = {isa = PBXBuildFile; fileRef = 55905B9B29C458A8007DF3AF /* popup.js */; };
		55905BAC29C458A8007DF3AF /* logo-16.png in Resources */ = {isa = PBXBuildFile; fileRef = 55905B9C29C458A8007DF3AF /* logo-16.png */; };
		55905BAD29C458A8007DF3AF /* background.js in Resources */ = {isa = PBXBuildFile; fileRef = 55905B9D29C458A8007DF3AF /* background.js */; };
		55905BAE29C458A8007DF3AF /* popup.html in Resources */ = {isa = PBXBuildFile; fileRef = 55905B9E29C458A8007DF3AF /* popup.html */; };
		55905BAF29C458A8007DF3AF /* options.js in Resources */ = {isa = PBXBuildFile; fileRef = 55905B9F29C458A8007DF3AF /* options.js */; };
		55905BB029C458A8007DF3AF /* logo-48.png in Resources */ = {isa = PBXBuildFile; fileRef = 55905BA029C458A8007DF3AF /* logo-48.png */; };
		55905BB129C458A8007DF3AF /* logo.png in Resources */ = {isa = PBXBuildFile; fileRef = 55905BA129C458A8007DF3AF /* logo.png */; };
		55905BB329C458A8007DF3AF /* content-script.js in Resources */ = {isa = PBXBuildFile; fileRef = 55905BA329C458A8007DF3AF /* content-script.js */; };
		55905BB429C458A8007DF3AF /* logo-32.png in Resources */ = {isa = PBXBuildFile; fileRef = 55905BA429C458A8007DF3AF /* logo-32.png */; };
		55905BB529C458A8007DF3AF /* options.html in Resources */ = {isa = PBXBuildFile; fileRef = 55905BA529C458A8007DF3AF /* options.html */; };
		55905BB629C458A8007DF3AF /* popup.css in Resources */ = {isa = PBXBuildFile; fileRef = 55905BA629C458A8007DF3AF /* popup.css */; };
		55905BB829C458A8007DF3AF /* options.css in Resources */ = {isa = PBXBuildFile; fileRef = 55905BA829C458A8007DF3AF /* options.css */; };
		55905BB929C458A8007DF3AF /* content-script.css in Resources */ = {isa = PBXBuildFile; fileRef = 55905B9929C458A8007DF3AF /* content-script.css */; };
		55905BBA29C458A8007DF3AF /* logo-128.png in Resources */ = {isa = PBXBuildFile; fileRef = 55905B9A29C458A8007DF3AF /* logo-128.png */; };
		55905BBB29C458A8007DF3AF /* popup.js in Resources */ = {isa = PBXBuildFile; fileRef = 55905B9B29C458A8007DF3AF /* popup.js */; };
		55905BBC29C458A8007DF3AF /* logo-16.png in Resources */ = {isa = PBXBuildFile; fileRef = 55905B9C29C458A8007DF3AF /* logo-16.png */; };
		55905BBD29C458A8007DF3AF /* background.js in Resources */ = {isa = PBXBuildFile; fileRef = 55905B9D29C458A8007DF3AF /* background.js */; };
		55905BBE29C458A8007DF3AF /* popup.html in Resources */ = {isa = PBXBuildFile; fileRef = 55905B9E29C458A8007DF3AF /* popup.html */; };
		55905BBF29C458A8007DF3AF /* options.js in Resources */ = {isa = PBXBuildFile; fileRef = 55905B9F29C458A8007DF3AF /* options.js */; };
		55905BC029C458A8007DF3AF /* logo-48.png in Resources */ = {isa = PBXBuildFile; fileRef = 55905BA029C458A8007DF3AF /* logo-48.png */; };
		55905BC129C458A8007DF3AF /* logo.png in Resources */ = {isa = PBXBuildFile; fileRef = 55905BA129C458A8007DF3AF /* logo.png */; };
		55905BC229C458A8007DF3AF /* manifest.json in Resources */ = {isa = PBXBuildFile; fileRef = 55905BA229C458A8007DF3AF /* manifest.json */; };
		55905BC329C458A8007DF3AF /* content-script.js in Resources */ = {isa = PBXBuildFile; fileRef = 55905BA329C458A8007DF3AF /* content-script.js */; };
		55905BC429C458A8007DF3AF /* logo-32.png in Resources */ = {isa = PBXBuildFile; fileRef = 55905BA429C458A8007DF3AF /* logo-32.png */; };
		55905BC529C458A8007DF3AF /* options.html in Resources */ = {isa = PBXBuildFile; fileRef = 55905BA529C458A8007DF3AF /* options.html */; };
		55905BC629C458A8007DF3AF /* popup.css in Resources */ = {isa = PBXBuildFile; fileRef = 55905BA629C458A8007DF3AF /* popup.css */; };
		55905BC829C458A8007DF3AF /* options.css in Resources */ = {isa = PBXBuildFile; fileRef = 55905BA829C458A8007DF3AF /* options.css */; };
		55B48A6829C458E200029E03 /* manifest.json in Resources */ = {isa = PBXBuildFile; fileRef = 55B48A6729C458E200029E03 /* manifest.json */; };
		55D459AF29CAD39400B2A51B /* _locales in Resources */ = {isa = PBXBuildFile; fileRef = 55D459AE29CAD39400B2A51B /* _locales */; };
		55D459B029CAD39400B2A51B /* _locales in Resources */ = {isa = PBXBuildFile; fileRef = 55D459AE29CAD39400B2A51B /* _locales */; };
/* End PBXBuildFile section */

/* Begin PBXContainerItemProxy section */
		55905B6B29C458A7007DF3AF /* PBXContainerItemProxy */ = {
			isa = PBXContainerItemProxy;
			containerPortal = 55905B3729C458A5007DF3AF /* Project object */;
			proxyType = 1;
			remoteGlobalIDString = 55905B6829C458A7007DF3AF;
			remoteInfo = "Glarity Extension (iOS)";
		};
		55905B7529C458A7007DF3AF /* PBXContainerItemProxy */ = {
			isa = PBXContainerItemProxy;
			containerPortal = 55905B3729C458A5007DF3AF /* Project object */;
			proxyType = 1;
			remoteGlobalIDString = 55905B7229C458A7007DF3AF;
			remoteInfo = "Glarity Extension (macOS)";
		};
/* End PBXContainerItemProxy section */

/* Begin PBXCopyFilesBuildPhase section */
		55905B8D29C458A7007DF3AF /* Embed Foundation Extensions */ = {
			isa = PBXCopyFilesBuildPhase;
			buildActionMask = 2147483647;
			dstPath = "";
			dstSubfolderSpec = 13;
			files = (
				55905B6A29C458A7007DF3AF /* Glarity Extension.appex in Embed Foundation Extensions */,
			);
			name = "Embed Foundation Extensions";
			runOnlyForDeploymentPostprocessing = 0;
		};
		55905B9429C458A7007DF3AF /* Embed Foundation Extensions */ = {
			isa = PBXCopyFilesBuildPhase;
			buildActionMask = 2147483647;
			dstPath = "";
			dstSubfolderSpec = 13;
			files = (
				55905B7429C458A7007DF3AF /* Glarity Extension.appex in Embed Foundation Extensions */,
			);
			name = "Embed Foundation Extensions";
			runOnlyForDeploymentPostprocessing = 0;
		};
/* End PBXCopyFilesBuildPhase section */

/* Begin PBXFileReference section */
		55905B3E29C458A5007DF3AF /* Base */ = {isa = PBXFileReference; lastKnownFileType = text.html; name = Base; path = ../Base.lproj/Main.html; sourceTree = "<group>"; };
		55905B3F29C458A5007DF3AF /* Icon.png */ = {isa = PBXFileReference; lastKnownFileType = image.png; path = Icon.png; sourceTree = "<group>"; };
		55905B4029C458A5007DF3AF /* Style.css */ = {isa = PBXFileReference; lastKnownFileType = text.css; path = Style.css; sourceTree = "<group>"; };
		55905B4129C458A5007DF3AF /* Script.js */ = {isa = PBXFileReference; lastKnownFileType = sourcecode.javascript; path = Script.js; sourceTree = "<group>"; };
		55905B4229C458A5007DF3AF /* ViewController.swift */ = {isa = PBXFileReference; lastKnownFileType = sourcecode.swift; path = ViewController.swift; sourceTree = "<group>"; };
		55905B4329C458A7007DF3AF /* Assets.xcassets */ = {isa = PBXFileReference; lastKnownFileType = folder.assetcatalog; path = Assets.xcassets; sourceTree = "<group>"; };
		55905B4529C458A7007DF3AF /* SafariWebExtensionHandler.swift */ = {isa = PBXFileReference; lastKnownFileType = sourcecode.swift; path = SafariWebExtensionHandler.swift; sourceTree = "<group>"; };
		55905B4A29C458A7007DF3AF /* Glarity.app */ = {isa = PBXFileReference; explicitFileType = wrapper.application; includeInIndex = 0; path = Glarity.app; sourceTree = BUILT_PRODUCTS_DIR; };
		55905B4D29C458A7007DF3AF /* AppDelegate.swift */ = {isa = PBXFileReference; lastKnownFileType = sourcecode.swift; path = AppDelegate.swift; sourceTree = "<group>"; };
		55905B4F29C458A7007DF3AF /* SceneDelegate.swift */ = {isa = PBXFileReference; lastKnownFileType = sourcecode.swift; path = SceneDelegate.swift; sourceTree = "<group>"; };
		55905B5229C458A7007DF3AF /* Base */ = {isa = PBXFileReference; lastKnownFileType = file.storyboard; name = Base; path = Base.lproj/LaunchScreen.storyboard; sourceTree = "<group>"; };
		55905B5529C458A7007DF3AF /* Base */ = {isa = PBXFileReference; lastKnownFileType = file.storyboard; name = Base; path = Base.lproj/Main.storyboard; sourceTree = "<group>"; };
		55905B5729C458A7007DF3AF /* Info.plist */ = {isa = PBXFileReference; lastKnownFileType = text.plist.xml; path = Info.plist; sourceTree = "<group>"; };
		55905B5C29C458A7007DF3AF /* Glarity.app */ = {isa = PBXFileReference; explicitFileType = wrapper.application; includeInIndex = 0; path = Glarity.app; sourceTree = BUILT_PRODUCTS_DIR; };
		55905B5E29C458A7007DF3AF /* AppDelegate.swift */ = {isa = PBXFileReference; lastKnownFileType = sourcecode.swift; path = AppDelegate.swift; sourceTree = "<group>"; };
		55905B6129C458A7007DF3AF /* Base */ = {isa = PBXFileReference; lastKnownFileType = file.storyboard; name = Base; path = Base.lproj/Main.storyboard; sourceTree = "<group>"; };
		55905B6329C458A7007DF3AF /* Info.plist */ = {isa = PBXFileReference; lastKnownFileType = text.plist.xml; path = Info.plist; sourceTree = "<group>"; };
		55905B6429C458A7007DF3AF /* Glarity.entitlements */ = {isa = PBXFileReference; lastKnownFileType = text.plist.entitlements; path = Glarity.entitlements; sourceTree = "<group>"; };
		55905B6929C458A7007DF3AF /* Glarity Extension.appex */ = {isa = PBXFileReference; explicitFileType = "wrapper.app-extension"; includeInIndex = 0; path = "Glarity Extension.appex"; sourceTree = BUILT_PRODUCTS_DIR; };
		55905B6E29C458A7007DF3AF /* Info.plist */ = {isa = PBXFileReference; lastKnownFileType = text.plist.xml; path = Info.plist; sourceTree = "<group>"; };
		55905B7329C458A7007DF3AF /* Glarity Extension.appex */ = {isa = PBXFileReference; explicitFileType = "wrapper.app-extension"; includeInIndex = 0; path = "Glarity Extension.appex"; sourceTree = BUILT_PRODUCTS_DIR; };
		55905B7829C458A7007DF3AF /* Info.plist */ = {isa = PBXFileReference; lastKnownFileType = text.plist.xml; path = Info.plist; sourceTree = "<group>"; };
		55905B7929C458A7007DF3AF /* Glarity.entitlements */ = {isa = PBXFileReference; lastKnownFileType = text.plist.entitlements; path = Glarity.entitlements; sourceTree = "<group>"; };
		55905B9929C458A8007DF3AF /* content-script.css */ = {isa = PBXFileReference; lastKnownFileType = text.css; name = "content-script.css"; path = "../../../packages/chromium/content-script.css"; sourceTree = "<group>"; };
		55905B9A29C458A8007DF3AF /* logo-128.png */ = {isa = PBXFileReference; lastKnownFileType = image.png; name = "logo-128.png"; path = "../../../packages/chromium/logo-128.png"; sourceTree = "<group>"; };
		55905B9B29C458A8007DF3AF /* popup.js */ = {isa = PBXFileReference; lastKnownFileType = sourcecode.javascript; name = popup.js; path = ../../../packages/chromium/popup.js; sourceTree = "<group>"; };
		55905B9C29C458A8007DF3AF /* logo-16.png */ = {isa = PBXFileReference; lastKnownFileType = image.png; name = "logo-16.png"; path = "../../../packages/chromium/logo-16.png"; sourceTree = "<group>"; };
		55905B9D29C458A8007DF3AF /* background.js */ = {isa = PBXFileReference; lastKnownFileType = sourcecode.javascript; name = background.js; path = ../../../packages/chromium/background.js; sourceTree = "<group>"; };
		55905B9E29C458A8007DF3AF /* popup.html */ = {isa = PBXFileReference; lastKnownFileType = text.html; name = popup.html; path = ../../../packages/chromium/popup.html; sourceTree = "<group>"; };
		55905B9F29C458A8007DF3AF /* options.js */ = {isa = PBXFileReference; lastKnownFileType = sourcecode.javascript; name = options.js; path = ../../../packages/chromium/options.js; sourceTree = "<group>"; };
		55905BA029C458A8007DF3AF /* logo-48.png */ = {isa = PBXFileReference; lastKnownFileType = image.png; name = "logo-48.png"; path = "../../../packages/chromium/logo-48.png"; sourceTree = "<group>"; };
		55905BA129C458A8007DF3AF /* logo.png */ = {isa = PBXFileReference; lastKnownFileType = image.png; name = logo.png; path = ../../../packages/chromium/logo.png; sourceTree = "<group>"; };
		55905BA229C458A8007DF3AF /* manifest.json */ = {isa = PBXFileReference; lastKnownFileType = text.json; name = manifest.json; path = ../../../packages/chromium/manifest.json; sourceTree = "<group>"; };
		55905BA329C458A8007DF3AF /* content-script.js */ = {isa = PBXFileReference; lastKnownFileType = sourcecode.javascript; name = "content-script.js"; path = "../../../packages/chromium/content-script.js"; sourceTree = "<group>"; };
		55905BA429C458A8007DF3AF /* logo-32.png */ = {isa = PBXFileReference; lastKnownFileType = image.png; name = "logo-32.png"; path = "../../../packages/chromium/logo-32.png"; sourceTree = "<group>"; };
		55905BA529C458A8007DF3AF /* options.html */ = {isa = PBXFileReference; lastKnownFileType = text.html; name = options.html; path = ../../../packages/chromium/options.html; sourceTree = "<group>"; };
		55905BA629C458A8007DF3AF /* popup.css */ = {isa = PBXFileReference; lastKnownFileType = text.css; name = popup.css; path = ../../../packages/chromium/popup.css; sourceTree = "<group>"; };
		55905BA829C458A8007DF3AF /* options.css */ = {isa = PBXFileReference; lastKnownFileType = text.css; name = options.css; path = ../../../packages/chromium/options.css; sourceTree = "<group>"; };
		55B48A6729C458E200029E03 /* manifest.json */ = {isa = PBXFileReference; lastKnownFileType = text.json; path = manifest.json; sourceTree = "<group>"; };
		55D459AE29CAD39400B2A51B /* _locales */ = {isa = PBXFileReference; lastKnownFileType = folder; path = _locales; sourceTree = "<group>"; };
/* End PBXFileReference section */

/* Begin PBXFrameworksBuildPhase section */
		55905B4729C458A7007DF3AF /* Frameworks */ = {
			isa = PBXFrameworksBuildPhase;
			buildActionMask = 2147483647;
			files = (
			);
			runOnlyForDeploymentPostprocessing = 0;
		};
		55905B5929C458A7007DF3AF /* Frameworks */ = {
			isa = PBXFrameworksBuildPhase;
			buildActionMask = 2147483647;
			files = (
			);
			runOnlyForDeploymentPostprocessing = 0;
		};
		55905B6629C458A7007DF3AF /* Frameworks */ = {
			isa = PBXFrameworksBuildPhase;
			buildActionMask = 2147483647;
			files = (
			);
			runOnlyForDeploymentPostprocessing = 0;
		};
		55905B7029C458A7007DF3AF /* Frameworks */ = {
			isa = PBXFrameworksBuildPhase;
			buildActionMask = 2147483647;
			files = (
			);
			runOnlyForDeploymentPostprocessing = 0;
		};
/* End PBXFrameworksBuildPhase section */

/* Begin PBXGroup section */
		55905B3629C458A5007DF3AF = {
			isa = PBXGroup;
			children = (
				55905B3B29C458A5007DF3AF /* Shared (App) */,
				55905B4429C458A7007DF3AF /* Shared (Extension) */,
				55905B4C29C458A7007DF3AF /* iOS (App) */,
				55905B5D29C458A7007DF3AF /* macOS (App) */,
				55905B6D29C458A7007DF3AF /* iOS (Extension) */,
				55905B7729C458A7007DF3AF /* macOS (Extension) */,
				55905B4B29C458A7007DF3AF /* Products */,
			);
			sourceTree = "<group>";
		};
		55905B3B29C458A5007DF3AF /* Shared (App) */ = {
			isa = PBXGroup;
			children = (
				55905B4229C458A5007DF3AF /* ViewController.swift */,
				55905B4329C458A7007DF3AF /* Assets.xcassets */,
				55905B3C29C458A5007DF3AF /* Resources */,
			);
			path = "Shared (App)";
			sourceTree = "<group>";
		};
		55905B3C29C458A5007DF3AF /* Resources */ = {
			isa = PBXGroup;
			children = (
				55905B3D29C458A5007DF3AF /* Main.html */,
				55905B3F29C458A5007DF3AF /* Icon.png */,
				55905B4029C458A5007DF3AF /* Style.css */,
				55905B4129C458A5007DF3AF /* Script.js */,
			);
			path = Resources;
			sourceTree = "<group>";
		};
		55905B4429C458A7007DF3AF /* Shared (Extension) */ = {
			isa = PBXGroup;
			children = (
				55905B9829C458A8007DF3AF /* Resources */,
				55905B4529C458A7007DF3AF /* SafariWebExtensionHandler.swift */,
			);
			path = "Shared (Extension)";
			sourceTree = "<group>";
		};
		55905B4B29C458A7007DF3AF /* Products */ = {
			isa = PBXGroup;
			children = (
				55905B4A29C458A7007DF3AF /* Glarity.app */,
				55905B5C29C458A7007DF3AF /* Glarity.app */,
				55905B6929C458A7007DF3AF /* Glarity Extension.appex */,
				55905B7329C458A7007DF3AF /* Glarity Extension.appex */,
			);
			name = Products;
			sourceTree = "<group>";
		};
		55905B4C29C458A7007DF3AF /* iOS (App) */ = {
			isa = PBXGroup;
			children = (
				55905B4D29C458A7007DF3AF /* AppDelegate.swift */,
				55905B4F29C458A7007DF3AF /* SceneDelegate.swift */,
				55905B5129C458A7007DF3AF /* LaunchScreen.storyboard */,
				55905B5429C458A7007DF3AF /* Main.storyboard */,
				55905B5729C458A7007DF3AF /* Info.plist */,
			);
			path = "iOS (App)";
			sourceTree = "<group>";
		};
		55905B5D29C458A7007DF3AF /* macOS (App) */ = {
			isa = PBXGroup;
			children = (
				55905B5E29C458A7007DF3AF /* AppDelegate.swift */,
				55905B6029C458A7007DF3AF /* Main.storyboard */,
				55905B6329C458A7007DF3AF /* Info.plist */,
				55905B6429C458A7007DF3AF /* Glarity.entitlements */,
			);
			path = "macOS (App)";
			sourceTree = "<group>";
		};
		55905B6D29C458A7007DF3AF /* iOS (Extension) */ = {
			isa = PBXGroup;
			children = (
				55905B6E29C458A7007DF3AF /* Info.plist */,
			);
			path = "iOS (Extension)";
			sourceTree = "<group>";
		};
		55905B7729C458A7007DF3AF /* macOS (Extension) */ = {
			isa = PBXGroup;
			children = (
				55905B7829C458A7007DF3AF /* Info.plist */,
				55905B7929C458A7007DF3AF /* Glarity.entitlements */,
			);
			path = "macOS (Extension)";
			sourceTree = "<group>";
		};
		55905B9829C458A8007DF3AF /* Resources */ = {
			isa = PBXGroup;
			children = (
				55D459AE29CAD39400B2A51B /* _locales */,
				55905B9929C458A8007DF3AF /* content-script.css */,
				55905B9A29C458A8007DF3AF /* logo-128.png */,
				55905B9B29C458A8007DF3AF /* popup.js */,
				55905B9C29C458A8007DF3AF /* logo-16.png */,
				55905B9D29C458A8007DF3AF /* background.js */,
				55905B9E29C458A8007DF3AF /* popup.html */,
				55905B9F29C458A8007DF3AF /* options.js */,
				55905BA029C458A8007DF3AF /* logo-48.png */,
				55905BA129C458A8007DF3AF /* logo.png */,
				55905BA229C458A8007DF3AF /* manifest.json */,
				55905BA329C458A8007DF3AF /* content-script.js */,
				55905BA429C458A8007DF3AF /* logo-32.png */,
				55905BA529C458A8007DF3AF /* options.html */,
				55905BA629C458A8007DF3AF /* popup.css */,
				55905BA829C458A8007DF3AF /* options.css */,
				55B48A6729C458E200029E03 /* manifest.json */,
			);
			name = Resources;
			path = "Shared (Extension)";
			sourceTree = SOURCE_ROOT;
		};
/* End PBXGroup section */

/* Begin PBXNativeTarget section */
		55905B4929C458A7007DF3AF /* Glarity (iOS) */ = {
			isa = PBXNativeTarget;
			buildConfigurationList = 55905B8E29C458A7007DF3AF /* Build configuration list for PBXNativeTarget "Glarity (iOS)" */;
			buildPhases = (
				55905B4629C458A7007DF3AF /* Sources */,
				55905B4729C458A7007DF3AF /* Frameworks */,
				55905B4829C458A7007DF3AF /* Resources */,
				55905B8D29C458A7007DF3AF /* Embed Foundation Extensions */,
			);
			buildRules = (
			);
			dependencies = (
				55905B6C29C458A7007DF3AF /* PBXTargetDependency */,
			);
			name = "Glarity (iOS)";
			productName = "Glarity (iOS)";
			productReference = 55905B4A29C458A7007DF3AF /* Glarity.app */;
			productType = "com.apple.product-type.application";
		};
		55905B5B29C458A7007DF3AF /* Glarity (macOS) */ = {
			isa = PBXNativeTarget;
			buildConfigurationList = 55905B9529C458A7007DF3AF /* Build configuration list for PBXNativeTarget "Glarity (macOS)" */;
			buildPhases = (
				55905B5829C458A7007DF3AF /* Sources */,
				55905B5929C458A7007DF3AF /* Frameworks */,
				55905B5A29C458A7007DF3AF /* Resources */,
				55905B9429C458A7007DF3AF /* Embed Foundation Extensions */,
			);
			buildRules = (
			);
			dependencies = (
				55905B7629C458A7007DF3AF /* PBXTargetDependency */,
			);
			name = "Glarity (macOS)";
			productName = "Glarity (macOS)";
			productReference = 55905B5C29C458A7007DF3AF /* Glarity.app */;
			productType = "com.apple.product-type.application";
		};
		55905B6829C458A7007DF3AF /* Glarity Extension (iOS) */ = {
			isa = PBXNativeTarget;
			buildConfigurationList = 55905B8A29C458A7007DF3AF /* Build configuration list for PBXNativeTarget "Glarity Extension (iOS)" */;
			buildPhases = (
				55905B6529C458A7007DF3AF /* Sources */,
				55905B6629C458A7007DF3AF /* Frameworks */,
				55905B6729C458A7007DF3AF /* Resources */,
			);
			buildRules = (
			);
			dependencies = (
			);
			name = "Glarity Extension (iOS)";
			productName = "Glarity Extension (iOS)";
			productReference = 55905B6929C458A7007DF3AF /* Glarity Extension.appex */;
			productType = "com.apple.product-type.app-extension";
		};
		55905B7229C458A7007DF3AF /* Glarity Extension (macOS) */ = {
			isa = PBXNativeTarget;
			buildConfigurationList = 55905B9129C458A7007DF3AF /* Build configuration list for PBXNativeTarget "Glarity Extension (macOS)" */;
			buildPhases = (
				55905B6F29C458A7007DF3AF /* Sources */,
				55905B7029C458A7007DF3AF /* Frameworks */,
				55905B7129C458A7007DF3AF /* Resources */,
			);
			buildRules = (
			);
			dependencies = (
			);
			name = "Glarity Extension (macOS)";
			productName = "Glarity Extension (macOS)";
			productReference = 55905B7329C458A7007DF3AF /* Glarity Extension.appex */;
			productType = "com.apple.product-type.app-extension";
		};
/* End PBXNativeTarget section */

/* Begin PBXProject section */
		55905B3729C458A5007DF3AF /* Project object */ = {
			isa = PBXProject;
			attributes = {
				BuildIndependentTargetsInParallel = 1;
				LastSwiftUpdateCheck = 1420;
				LastUpgradeCheck = 1420;
				TargetAttributes = {
					55905B4929C458A7007DF3AF = {
						CreatedOnToolsVersion = 14.2;
					};
					55905B5B29C458A7007DF3AF = {
						CreatedOnToolsVersion = 14.2;
					};
					55905B6829C458A7007DF3AF = {
						CreatedOnToolsVersion = 14.2;
					};
					55905B7229C458A7007DF3AF = {
						CreatedOnToolsVersion = 14.2;
					};
				};
			};
			buildConfigurationList = 55905B3A29C458A5007DF3AF /* Build configuration list for PBXProject "Glarity" */;
			compatibilityVersion = "Xcode 14.0";
			developmentRegion = en;
			hasScannedForEncodings = 0;
			knownRegions = (
				en,
				Base,
			);
			mainGroup = 55905B3629C458A5007DF3AF;
			productRefGroup = 55905B4B29C458A7007DF3AF /* Products */;
			projectDirPath = "";
			projectRoot = "";
			targets = (
				55905B4929C458A7007DF3AF /* Glarity (iOS) */,
				55905B5B29C458A7007DF3AF /* Glarity (macOS) */,
				55905B6829C458A7007DF3AF /* Glarity Extension (iOS) */,
				55905B7229C458A7007DF3AF /* Glarity Extension (macOS) */,
			);
		};
/* End PBXProject section */

/* Begin PBXResourcesBuildPhase section */
		55905B4829C458A7007DF3AF /* Resources */ = {
			isa = PBXResourcesBuildPhase;
			buildActionMask = 2147483647;
			files = (
				55905B7C29C458A7007DF3AF /* Icon.png in Resources */,
				55905B5329C458A7007DF3AF /* LaunchScreen.storyboard in Resources */,
				55905B7A29C458A7007DF3AF /* Main.html in Resources */,
				55905B8029C458A7007DF3AF /* Script.js in Resources */,
				55905B8429C458A7007DF3AF /* Assets.xcassets in Resources */,
				55905B5629C458A7007DF3AF /* Main.storyboard in Resources */,
				55905B7E29C458A7007DF3AF /* Style.css in Resources */,
			);
			runOnlyForDeploymentPostprocessing = 0;
		};
		55905B5A29C458A7007DF3AF /* Resources */ = {
			isa = PBXResourcesBuildPhase;
			buildActionMask = 2147483647;
			files = (
				55905B7D29C458A7007DF3AF /* Icon.png in Resources */,
				55905B7F29C458A7007DF3AF /* Style.css in Resources */,
				55905B6229C458A7007DF3AF /* Main.storyboard in Resources */,
				55905B8129C458A7007DF3AF /* Script.js in Resources */,
				55905B8529C458A7007DF3AF /* Assets.xcassets in Resources */,
				55905B7B29C458A7007DF3AF /* Main.html in Resources */,
			);
			runOnlyForDeploymentPostprocessing = 0;
		};
		55905B6729C458A7007DF3AF /* Resources */ = {
			isa = PBXResourcesBuildPhase;
			buildActionMask = 2147483647;
			files = (
				55905BC029C458A8007DF3AF /* logo-48.png in Resources */,
				55905BBA29C458A8007DF3AF /* logo-128.png in Resources */,
				55905BC529C458A8007DF3AF /* options.html in Resources */,
				55905BC229C458A8007DF3AF /* manifest.json in Resources */,
				55905BC129C458A8007DF3AF /* logo.png in Resources */,
				55905BBE29C458A8007DF3AF /* popup.html in Resources */,
				55905BC429C458A8007DF3AF /* logo-32.png in Resources */,
				55905BBB29C458A8007DF3AF /* popup.js in Resources */,
				55905BC629C458A8007DF3AF /* popup.css in Resources */,
				55905BBF29C458A8007DF3AF /* options.js in Resources */,
				55D459AF29CAD39400B2A51B /* _locales in Resources */,
				55905BB929C458A8007DF3AF /* content-script.css in Resources */,
				55905BBC29C458A8007DF3AF /* logo-16.png in Resources */,
				55905BC329C458A8007DF3AF /* content-script.js in Resources */,
				55905BC829C458A8007DF3AF /* options.css in Resources */,
				55905BBD29C458A8007DF3AF /* background.js in Resources */,
			);
			runOnlyForDeploymentPostprocessing = 0;
		};
		55905B7129C458A7007DF3AF /* Resources */ = {
			isa = PBXResourcesBuildPhase;
			buildActionMask = 2147483647;
			files = (
				55905BB029C458A8007DF3AF /* logo-48.png in Resources */,
				55905BAA29C458A8007DF3AF /* logo-128.png in Resources */,
				55905BB529C458A8007DF3AF /* options.html in Resources */,
				55905BB129C458A8007DF3AF /* logo.png in Resources */,
				55905BAE29C458A8007DF3AF /* popup.html in Resources */,
				55905BB429C458A8007DF3AF /* logo-32.png in Resources */,
				55905BAB29C458A8007DF3AF /* popup.js in Resources */,
				55905BB629C458A8007DF3AF /* popup.css in Resources */,
				55905BAF29C458A8007DF3AF /* options.js in Resources */,
				55905BA929C458A8007DF3AF /* content-script.css in Resources */,
				55D459B029CAD39400B2A51B /* _locales in Resources */,
				55905BAC29C458A8007DF3AF /* logo-16.png in Resources */,
				55B48A6829C458E200029E03 /* manifest.json in Resources */,
				55905BB329C458A8007DF3AF /* content-script.js in Resources */,
				55905BB829C458A8007DF3AF /* options.css in Resources */,
				55905BAD29C458A8007DF3AF /* background.js in Resources */,
			);
			runOnlyForDeploymentPostprocessing = 0;
		};
/* End PBXResourcesBuildPhase section */

/* Begin PBXSourcesBuildPhase section */
		55905B4629C458A7007DF3AF /* Sources */ = {
			isa = PBXSourcesBuildPhase;
			buildActionMask = 2147483647;
			files = (
				55905B8229C458A7007DF3AF /* ViewController.swift in Sources */,
				55905B4E29C458A7007DF3AF /* AppDelegate.swift in Sources */,
				55905B5029C458A7007DF3AF /* SceneDelegate.swift in Sources */,
			);
			runOnlyForDeploymentPostprocessing = 0;
		};
		55905B5829C458A7007DF3AF /* Sources */ = {
			isa = PBXSourcesBuildPhase;
			buildActionMask = 2147483647;
			files = (
				55905B8329C458A7007DF3AF /* ViewController.swift in Sources */,
				55905B5F29C458A7007DF3AF /* AppDelegate.swift in Sources */,
			);
			runOnlyForDeploymentPostprocessing = 0;
		};
		55905B6529C458A7007DF3AF /* Sources */ = {
			isa = PBXSourcesBuildPhase;
			buildActionMask = 2147483647;
			files = (
				55905B8629C458A7007DF3AF /* SafariWebExtensionHandler.swift in Sources */,
			);
			runOnlyForDeploymentPostprocessing = 0;
		};
		55905B6F29C458A7007DF3AF /* Sources */ = {
			isa = PBXSourcesBuildPhase;
			buildActionMask = 2147483647;
			files = (
				55905B8729C458A7007DF3AF /* SafariWebExtensionHandler.swift in Sources */,
			);
			runOnlyForDeploymentPostprocessing = 0;
		};
/* End PBXSourcesBuildPhase section */

/* Begin PBXTargetDependency section */
		55905B6C29C458A7007DF3AF /* PBXTargetDependency */ = {
			isa = PBXTargetDependency;
			target = 55905B6829C458A7007DF3AF /* Glarity Extension (iOS) */;
			targetProxy = 55905B6B29C458A7007DF3AF /* PBXContainerItemProxy */;
		};
		55905B7629C458A7007DF3AF /* PBXTargetDependency */ = {
			isa = PBXTargetDependency;
			target = 55905B7229C458A7007DF3AF /* Glarity Extension (macOS) */;
			targetProxy = 55905B7529C458A7007DF3AF /* PBXContainerItemProxy */;
		};
/* End PBXTargetDependency section */

/* Begin PBXVariantGroup section */
		55905B3D29C458A5007DF3AF /* Main.html */ = {
			isa = PBXVariantGroup;
			children = (
				55905B3E29C458A5007DF3AF /* Base */,
			);
			name = Main.html;
			sourceTree = "<group>";
		};
		55905B5129C458A7007DF3AF /* LaunchScreen.storyboard */ = {
			isa = PBXVariantGroup;
			children = (
				55905B5229C458A7007DF3AF /* Base */,
			);
			name = LaunchScreen.storyboard;
			sourceTree = "<group>";
		};
		55905B5429C458A7007DF3AF /* Main.storyboard */ = {
			isa = PBXVariantGroup;
			children = (
				55905B5529C458A7007DF3AF /* Base */,
			);
			name = Main.storyboard;
			sourceTree = "<group>";
		};
		55905B6029C458A7007DF3AF /* Main.storyboard */ = {
			isa = PBXVariantGroup;
			children = (
				55905B6129C458A7007DF3AF /* Base */,
			);
			name = Main.storyboard;
			sourceTree = "<group>";
		};
/* End PBXVariantGroup section */

/* Begin XCBuildConfiguration section */
		55905B8829C458A7007DF3AF /* Debug */ = {
			isa = XCBuildConfiguration;
			buildSettings = {
				ALWAYS_SEARCH_USER_PATHS = NO;
				CLANG_ANALYZER_NONNULL = YES;
				CLANG_ANALYZER_NUMBER_OBJECT_CONVERSION = YES_AGGRESSIVE;
				CLANG_CXX_LANGUAGE_STANDARD = "gnu++20";
				CLANG_ENABLE_MODULES = YES;
				CLANG_ENABLE_OBJC_ARC = YES;
				CLANG_ENABLE_OBJC_WEAK = YES;
				CLANG_WARN_BLOCK_CAPTURE_AUTORELEASING = YES;
				CLANG_WARN_BOOL_CONVERSION = YES;
				CLANG_WARN_COMMA = YES;
				CLANG_WARN_CONSTANT_CONVERSION = YES;
				CLANG_WARN_DEPRECATED_OBJC_IMPLEMENTATIONS = YES;
				CLANG_WARN_DIRECT_OBJC_ISA_USAGE = YES_ERROR;
				CLANG_WARN_DOCUMENTATION_COMMENTS = YES;
				CLANG_WARN_EMPTY_BODY = YES;
				CLANG_WARN_ENUM_CONVERSION = YES;
				CLANG_WARN_INFINITE_RECURSION = YES;
				CLANG_WARN_INT_CONVERSION = YES;
				CLANG_WARN_NON_LITERAL_NULL_CONVERSION = YES;
				CLANG_WARN_OBJC_IMPLICIT_RETAIN_SELF = YES;
				CLANG_WARN_OBJC_LITERAL_CONVERSION = YES;
				CLANG_WARN_OBJC_ROOT_CLASS = YES_ERROR;
				CLANG_WARN_QUOTED_INCLUDE_IN_FRAMEWORK_HEADER = YES;
				CLANG_WARN_RANGE_LOOP_ANALYSIS = YES;
				CLANG_WARN_STRICT_PROTOTYPES = YES;
				CLANG_WARN_SUSPICIOUS_MOVE = YES;
				CLANG_WARN_UNGUARDED_AVAILABILITY = YES_AGGRESSIVE;
				CLANG_WARN_UNREACHABLE_CODE = YES;
				CLANG_WARN__DUPLICATE_METHOD_MATCH = YES;
				COPY_PHASE_STRIP = NO;
				DEBUG_INFORMATION_FORMAT = dwarf;
				ENABLE_STRICT_OBJC_MSGSEND = YES;
				ENABLE_TESTABILITY = YES;
				GCC_C_LANGUAGE_STANDARD = gnu11;
				GCC_DYNAMIC_NO_PIC = NO;
				GCC_NO_COMMON_BLOCKS = YES;
				GCC_OPTIMIZATION_LEVEL = 0;
				GCC_PREPROCESSOR_DEFINITIONS = (
					"DEBUG=1",
					"$(inherited)",
				);
				GCC_WARN_64_TO_32_BIT_CONVERSION = YES;
				GCC_WARN_ABOUT_RETURN_TYPE = YES_ERROR;
				GCC_WARN_UNDECLARED_SELECTOR = YES;
				GCC_WARN_UNINITIALIZED_AUTOS = YES_AGGRESSIVE;
				GCC_WARN_UNUSED_FUNCTION = YES;
				GCC_WARN_UNUSED_VARIABLE = YES;
				MTL_ENABLE_DEBUG_INFO = INCLUDE_SOURCE;
				MTL_FAST_MATH = YES;
				ONLY_ACTIVE_ARCH = YES;
				SWIFT_ACTIVE_COMPILATION_CONDITIONS = DEBUG;
				SWIFT_OPTIMIZATION_LEVEL = "-Onone";
			};
			name = Debug;
		};
		55905B8929C458A7007DF3AF /* Release */ = {
			isa = XCBuildConfiguration;
			buildSettings = {
				ALWAYS_SEARCH_USER_PATHS = NO;
				CLANG_ANALYZER_NONNULL = YES;
				CLANG_ANALYZER_NUMBER_OBJECT_CONVERSION = YES_AGGRESSIVE;
				CLANG_CXX_LANGUAGE_STANDARD = "gnu++20";
				CLANG_ENABLE_MODULES = YES;
				CLANG_ENABLE_OBJC_ARC = YES;
				CLANG_ENABLE_OBJC_WEAK = YES;
				CLANG_WARN_BLOCK_CAPTURE_AUTORELEASING = YES;
				CLANG_WARN_BOOL_CONVERSION = YES;
				CLANG_WARN_COMMA = YES;
				CLANG_WARN_CONSTANT_CONVERSION = YES;
				CLANG_WARN_DEPRECATED_OBJC_IMPLEMENTATIONS = YES;
				CLANG_WARN_DIRECT_OBJC_ISA_USAGE = YES_ERROR;
				CLANG_WARN_DOCUMENTATION_COMMENTS = YES;
				CLANG_WARN_EMPTY_BODY = YES;
				CLANG_WARN_ENUM_CONVERSION = YES;
				CLANG_WARN_INFINITE_RECURSION = YES;
				CLANG_WARN_INT_CONVERSION = YES;
				CLANG_WARN_NON_LITERAL_NULL_CONVERSION = YES;
				CLANG_WARN_OBJC_IMPLICIT_RETAIN_SELF = YES;
				CLANG_WARN_OBJC_LITERAL_CONVERSION = YES;
				CLANG_WARN_OBJC_ROOT_CLASS = YES_ERROR;
				CLANG_WARN_QUOTED_INCLUDE_IN_FRAMEWORK_HEADER = YES;
				CLANG_WARN_RANGE_LOOP_ANALYSIS = YES;
				CLANG_WARN_STRICT_PROTOTYPES = YES;
				CLANG_WARN_SUSPICIOUS_MOVE = YES;
				CLANG_WARN_UNGUARDED_AVAILABILITY = YES_AGGRESSIVE;
				CLANG_WARN_UNREACHABLE_CODE = YES;
				CLANG_WARN__DUPLICATE_METHOD_MATCH = YES;
				COPY_PHASE_STRIP = NO;
				DEBUG_INFORMATION_FORMAT = "dwarf-with-dsym";
				ENABLE_NS_ASSERTIONS = NO;
				ENABLE_STRICT_OBJC_MSGSEND = YES;
				GCC_C_LANGUAGE_STANDARD = gnu11;
				GCC_NO_COMMON_BLOCKS = YES;
				GCC_WARN_64_TO_32_BIT_CONVERSION = YES;
				GCC_WARN_ABOUT_RETURN_TYPE = YES_ERROR;
				GCC_WARN_UNDECLARED_SELECTOR = YES;
				GCC_WARN_UNINITIALIZED_AUTOS = YES_AGGRESSIVE;
				GCC_WARN_UNUSED_FUNCTION = YES;
				GCC_WARN_UNUSED_VARIABLE = YES;
				MTL_ENABLE_DEBUG_INFO = NO;
				MTL_FAST_MATH = YES;
				SWIFT_COMPILATION_MODE = wholemodule;
				SWIFT_OPTIMIZATION_LEVEL = "-O";
			};
			name = Release;
		};
		55905B8B29C458A7007DF3AF /* Debug */ = {
			isa = XCBuildConfiguration;
			buildSettings = {
				CODE_SIGN_STYLE = Automatic;
				CURRENT_PROJECT_VERSION = 1;
				GENERATE_INFOPLIST_FILE = YES;
				INFOPLIST_FILE = "iOS (Extension)/Info.plist";
				INFOPLIST_KEY_CFBundleDisplayName = "Glarity Extension";
				INFOPLIST_KEY_NSHumanReadableCopyright = "";
				IPHONEOS_DEPLOYMENT_TARGET = 15.0;
				LD_RUNPATH_SEARCH_PATHS = (
					"$(inherited)",
					"@executable_path/Frameworks",
					"@executable_path/../../Frameworks",
				);
				MARKETING_VERSION = 1.0;
				OTHER_LDFLAGS = (
					"-framework",
					SafariServices,
				);
				PRODUCT_BUNDLE_IDENTIFIER = com.yourCompany.Glarity.Extension;
				PRODUCT_NAME = "Glarity Extension";
				SDKROOT = iphoneos;
				SKIP_INSTALL = YES;
				SWIFT_EMIT_LOC_STRINGS = YES;
				SWIFT_VERSION = 5.0;
				TARGETED_DEVICE_FAMILY = "1,2";
			};
			name = Debug;
		};
		55905B8C29C458A7007DF3AF /* Release */ = {
			isa = XCBuildConfiguration;
			buildSettings = {
				CODE_SIGN_STYLE = Automatic;
				CURRENT_PROJECT_VERSION = 1;
				GENERATE_INFOPLIST_FILE = YES;
				INFOPLIST_FILE = "iOS (Extension)/Info.plist";
				INFOPLIST_KEY_CFBundleDisplayName = "Glarity Extension";
				INFOPLIST_KEY_NSHumanReadableCopyright = "";
				IPHONEOS_DEPLOYMENT_TARGET = 15.0;
				LD_RUNPATH_SEARCH_PATHS = (
					"$(inherited)",
					"@executable_path/Frameworks",
					"@executable_path/../../Frameworks",
				);
				MARKETING_VERSION = 1.0;
				OTHER_LDFLAGS = (
					"-framework",
					SafariServices,
				);
				PRODUCT_BUNDLE_IDENTIFIER = com.yourCompany.Glarity.Extension;
				PRODUCT_NAME = "Glarity Extension";
				SDKROOT = iphoneos;
				SKIP_INSTALL = YES;
				SWIFT_EMIT_LOC_STRINGS = YES;
				SWIFT_VERSION = 5.0;
				TARGETED_DEVICE_FAMILY = "1,2";
				VALIDATE_PRODUCT = YES;
			};
			name = Release;
		};
		55905B8F29C458A7007DF3AF /* Debug */ = {
			isa = XCBuildConfiguration;
			buildSettings = {
				ALWAYS_EMBED_SWIFT_STANDARD_LIBRARIES = YES;
				ASSETCATALOG_COMPILER_APPICON_NAME = AppIcon;
				ASSETCATALOG_COMPILER_GLOBAL_ACCENT_COLOR_NAME = AccentColor;
				CODE_SIGN_STYLE = Automatic;
				CURRENT_PROJECT_VERSION = 1;
				GENERATE_INFOPLIST_FILE = YES;
				INFOPLIST_FILE = "iOS (App)/Info.plist";
				INFOPLIST_KEY_CFBundleDisplayName = Glarity;
				INFOPLIST_KEY_UIApplicationSupportsIndirectInputEvents = YES;
				INFOPLIST_KEY_UILaunchStoryboardName = LaunchScreen;
				INFOPLIST_KEY_UIMainStoryboardFile = Main;
				INFOPLIST_KEY_UISupportedInterfaceOrientations = "UIInterfaceOrientationPortrait UIInterfaceOrientationLandscapeLeft UIInterfaceOrientationLandscapeRight";
				INFOPLIST_KEY_UISupportedInterfaceOrientations_iPad = "UIInterfaceOrientationPortrait UIInterfaceOrientationPortraitUpsideDown UIInterfaceOrientationLandscapeLeft UIInterfaceOrientationLandscapeRight";
				IPHONEOS_DEPLOYMENT_TARGET = 15.0;
				LD_RUNPATH_SEARCH_PATHS = (
					"$(inherited)",
					"@executable_path/Frameworks",
				);
				MARKETING_VERSION = 1.0;
				OTHER_LDFLAGS = (
					"-framework",
					SafariServices,
					"-framework",
					WebKit,
				);
				PRODUCT_BUNDLE_IDENTIFIER = com.yourCompany.Glarity;
				PRODUCT_NAME = Glarity;
				SDKROOT = iphoneos;
				SWIFT_EMIT_LOC_STRINGS = YES;
				SWIFT_VERSION = 5.0;
				TARGETED_DEVICE_FAMILY = "1,2";
			};
			name = Debug;
		};
		55905B9029C458A7007DF3AF /* Release */ = {
			isa = XCBuildConfiguration;
			buildSettings = {
				ALWAYS_EMBED_SWIFT_STANDARD_LIBRARIES = YES;
				ASSETCATALOG_COMPILER_APPICON_NAME = AppIcon;
				ASSETCATALOG_COMPILER_GLOBAL_ACCENT_COLOR_NAME = AccentColor;
				CODE_SIGN_STYLE = Automatic;
				CURRENT_PROJECT_VERSION = 1;
				GENERATE_INFOPLIST_FILE = YES;
				INFOPLIST_FILE = "iOS (App)/Info.plist";
				INFOPLIST_KEY_CFBundleDisplayName = Glarity;
				INFOPLIST_KEY_UIApplicationSupportsIndirectInputEvents = YES;
				INFOPLIST_KEY_UILaunchStoryboardName = LaunchScreen;
				INFOPLIST_KEY_UIMainStoryboardFile = Main;
				INFOPLIST_KEY_UISupportedInterfaceOrientations = "UIInterfaceOrientationPortrait UIInterfaceOrientationLandscapeLeft UIInterfaceOrientationLandscapeRight";
				INFOPLIST_KEY_UISupportedInterfaceOrientations_iPad = "UIInterfaceOrientationPortrait UIInterfaceOrientationPortraitUpsideDown UIInterfaceOrientationLandscapeLeft UIInterfaceOrientationLandscapeRight";
				IPHONEOS_DEPLOYMENT_TARGET = 15.0;
				LD_RUNPATH_SEARCH_PATHS = (
					"$(inherited)",
					"@executable_path/Frameworks",
				);
				MARKETING_VERSION = 1.0;
				OTHER_LDFLAGS = (
					"-framework",
					SafariServices,
					"-framework",
					WebKit,
				);
				PRODUCT_BUNDLE_IDENTIFIER = com.yourCompany.Glarity;
				PRODUCT_NAME = Glarity;
				SDKROOT = iphoneos;
				SWIFT_EMIT_LOC_STRINGS = YES;
				SWIFT_VERSION = 5.0;
				TARGETED_DEVICE_FAMILY = "1,2";
				VALIDATE_PRODUCT = YES;
			};
			name = Release;
		};
		55905B9229C458A7007DF3AF /* Debug */ = {
			isa = XCBuildConfiguration;
			buildSettings = {
				CODE_SIGN_ENTITLEMENTS = "macOS (Extension)/Glarity.entitlements";
				CODE_SIGN_STYLE = Automatic;
				CURRENT_PROJECT_VERSION = 1;
				ENABLE_HARDENED_RUNTIME = YES;
				GENERATE_INFOPLIST_FILE = YES;
				INFOPLIST_FILE = "macOS (Extension)/Info.plist";
				INFOPLIST_KEY_CFBundleDisplayName = "Glarity Extension";
				INFOPLIST_KEY_NSHumanReadableCopyright = "";
				LD_RUNPATH_SEARCH_PATHS = (
					"$(inherited)",
					"@executable_path/../Frameworks",
					"@executable_path/../../../../Frameworks",
				);
				MACOSX_DEPLOYMENT_TARGET = 10.14;
				MARKETING_VERSION = 1.0;
				OTHER_LDFLAGS = (
					"-framework",
					SafariServices,
				);
				PRODUCT_BUNDLE_IDENTIFIER = com.yourCompany.Glarity.Extension;
				PRODUCT_NAME = "Glarity Extension";
				SDKROOT = macosx;
				SKIP_INSTALL = YES;
				SWIFT_EMIT_LOC_STRINGS = YES;
				SWIFT_VERSION = 5.0;
			};
			name = Debug;
		};
		55905B9329C458A7007DF3AF /* Release */ = {
			isa = XCBuildConfiguration;
			buildSettings = {
				CODE_SIGN_ENTITLEMENTS = "macOS (Extension)/Glarity.entitlements";
				CODE_SIGN_STYLE = Automatic;
				CURRENT_PROJECT_VERSION = 1;
				ENABLE_HARDENED_RUNTIME = YES;
				GENERATE_INFOPLIST_FILE = YES;
				INFOPLIST_FILE = "macOS (Extension)/Info.plist";
				INFOPLIST_KEY_CFBundleDisplayName = "Glarity Extension";
				INFOPLIST_KEY_NSHumanReadableCopyright = "";
				LD_RUNPATH_SEARCH_PATHS = (
					"$(inherited)",
					"@executable_path/../Frameworks",
					"@executable_path/../../../../Frameworks",
				);
				MACOSX_DEPLOYMENT_TARGET = 10.14;
				MARKETING_VERSION = 1.0;
				OTHER_LDFLAGS = (
					"-framework",
					SafariServices,
				);
				PRODUCT_BUNDLE_IDENTIFIER = com.yourCompany.Glarity.Extension;
				PRODUCT_NAME = "Glarity Extension";
				SDKROOT = macosx;
				SKIP_INSTALL = YES;
				SWIFT_EMIT_LOC_STRINGS = YES;
				SWIFT_VERSION = 5.0;
			};
			name = Release;
		};
		55905B9629C458A7007DF3AF /* Debug */ = {
			isa = XCBuildConfiguration;
			buildSettings = {
				ALWAYS_EMBED_SWIFT_STANDARD_LIBRARIES = YES;
				ASSETCATALOG_COMPILER_APPICON_NAME = AppIcon;
				ASSETCATALOG_COMPILER_GLOBAL_ACCENT_COLOR_NAME = AccentColor;
				CODE_SIGN_ENTITLEMENTS = "macOS (App)/Glarity.entitlements";
				CODE_SIGN_STYLE = Automatic;
				CURRENT_PROJECT_VERSION = 1;
				ENABLE_HARDENED_RUNTIME = YES;
				GENERATE_INFOPLIST_FILE = YES;
				INFOPLIST_FILE = "macOS (App)/Info.plist";
				INFOPLIST_KEY_CFBundleDisplayName = Glarity;
				INFOPLIST_KEY_NSMainStoryboardFile = Main;
				INFOPLIST_KEY_NSPrincipalClass = NSApplication;
				LD_RUNPATH_SEARCH_PATHS = (
					"$(inherited)",
					"@executable_path/../Frameworks",
				);
				MACOSX_DEPLOYMENT_TARGET = 10.14;
				MARKETING_VERSION = 1.0;
				OTHER_LDFLAGS = (
					"-framework",
					SafariServices,
					"-framework",
					WebKit,
				);
				PRODUCT_BUNDLE_IDENTIFIER = com.yourCompany.Glarity;
				PRODUCT_NAME = Glarity;
				SDKROOT = macosx;
				SWIFT_EMIT_LOC_STRINGS = YES;
				SWIFT_VERSION = 5.0;
			};
			name = Debug;
		};
		55905B9729C458A7007DF3AF /* Release */ = {
			isa = XCBuildConfiguration;
			buildSettings = {
				ALWAYS_EMBED_SWIFT_STANDARD_LIBRARIES = YES;
				ASSETCATALOG_COMPILER_APPICON_NAME = AppIcon;
				ASSETCATALOG_COMPILER_GLOBAL_ACCENT_COLOR_NAME = AccentColor;
				CODE_SIGN_ENTITLEMENTS = "macOS (App)/Glarity.entitlements";
				CODE_SIGN_STYLE = Automatic;
				CURRENT_PROJECT_VERSION = 1;
				ENABLE_HARDENED_RUNTIME = YES;
				GENERATE_INFOPLIST_FILE = YES;
				INFOPLIST_FILE = "macOS (App)/Info.plist";
				INFOPLIST_KEY_CFBundleDisplayName = Glarity;
				INFOPLIST_KEY_NSMainStoryboardFile = Main;
				INFOPLIST_KEY_NSPrincipalClass = NSApplication;
				LD_RUNPATH_SEARCH_PATHS = (
					"$(inherited)",
					"@executable_path/../Frameworks",
				);
				MACOSX_DEPLOYMENT_TARGET = 10.14;
				MARKETING_VERSION = 1.0;
				OTHER_LDFLAGS = (
					"-framework",
					SafariServices,
					"-framework",
					WebKit,
				);
				PRODUCT_BUNDLE_IDENTIFIER = com.yourCompany.Glarity;
				PRODUCT_NAME = Glarity;
				SDKROOT = macosx;
				SWIFT_EMIT_LOC_STRINGS = YES;
				SWIFT_VERSION = 5.0;
			};
			name = Release;
		};
/* End XCBuildConfiguration section */

/* Begin XCConfigurationList section */
		55905B3A29C458A5007DF3AF /* Build configuration list for PBXProject "Glarity" */ = {
			isa = XCConfigurationList;
			buildConfigurations = (
				55905B8829C458A7007DF3AF /* Debug */,
				55905B8929C458A7007DF3AF /* Release */,
			);
			defaultConfigurationIsVisible = 0;
			defaultConfigurationName = Release;
		};
		55905B8A29C458A7007DF3AF /* Build configuration list for PBXNativeTarget "Glarity Extension (iOS)" */ = {
			isa = XCConfigurationList;
			buildConfigurations = (
				55905B8B29C458A7007DF3AF /* Debug */,
				55905B8C29C458A7007DF3AF /* Release */,
			);
			defaultConfigurationIsVisible = 0;
			defaultConfigurationName = Release;
		};
		55905B8E29C458A7007DF3AF /* Build configuration list for PBXNativeTarget "Glarity (iOS)" */ = {
			isa = XCConfigurationList;
			buildConfigurations = (
				55905B8F29C458A7007DF3AF /* Debug */,
				55905B9029C458A7007DF3AF /* Release */,
			);
			defaultConfigurationIsVisible = 0;
			defaultConfigurationName = Release;
		};
		55905B9129C458A7007DF3AF /* Build configuration list for PBXNativeTarget "Glarity Extension (macOS)" */ = {
			isa = XCConfigurationList;
			buildConfigurations = (
				55905B9229C458A7007DF3AF /* Debug */,
				55905B9329C458A7007DF3AF /* Release */,
			);
			defaultConfigurationIsVisible = 0;
			defaultConfigurationName = Release;
		};
		55905B9529C458A7007DF3AF /* Build configuration list for PBXNativeTarget "Glarity (macOS)" */ = {
			isa = XCConfigurationList;
			buildConfigurations = (
				55905B9629C458A7007DF3AF /* Debug */,
				55905B9729C458A7007DF3AF /* Release */,
			);
			defaultConfigurationIsVisible = 0;
			defaultConfigurationName = Release;
		};
/* End XCConfigurationList section */
	};
	rootObject = 55905B3729C458A5007DF3AF /* Project object */;
}
