// !$*UTF8*$!
{
	archiveVersion = 1;
	classes = {
	};
	objectVersion = 56;
	objects = {

/* Begin PBXBuildFile section */
		556B126F29C300EA0045A41D /* AppDelegate.swift in Sources */ = {isa = PBXBuildFile; fileRef = 556B126E29C300EA0045A41D /* AppDelegate.swift */; };
		556B127129C300EA0045A41D /* SceneDelegate.swift in Sources */ = {isa = PBXBuildFile; fileRef = 556B127029C300EA0045A41D /* SceneDelegate.swift */; };
		556B127429C300EA0045A41D /* LaunchScreen.storyboard in Resources */ = {isa = PBXBuildFile; fileRef = 556B127229C300EA0045A41D /* LaunchScreen.storyboard */; };
		556B127729C300EA0045A41D /* Main.storyboard in Resources */ = {isa = PBXBuildFile; fileRef = 556B127529C300EA0045A41D /* Main.storyboard */; };
		556B128029C300EA0045A41D /* AppDelegate.swift in Sources */ = {isa = PBXBuildFile; fileRef = 556B127F29C300EA0045A41D /* AppDelegate.swift */; };
		556B128329C300EA0045A41D /* Main.storyboard in Resources */ = {isa = PBXBuildFile; fileRef = 556B128129C300EA0045A41D /* Main.storyboard */; };
		556B128B29C300EA0045A41D /* Glarity Extension.appex in Embed Foundation Extensions */ = {isa = PBXBuildFile; fileRef = 556B128A29C300EA0045A41D /* Glarity Extension.appex */; settings = {ATTRIBUTES = (RemoveHeadersOnCopy, ); }; };
		556B129529C300EA0045A41D /* Glarity Extension.appex in Embed Foundation Extensions */ = {isa = PBXBuildFile; fileRef = 556B129429C300EA0045A41D /* Glarity Extension.appex */; settings = {ATTRIBUTES = (RemoveHeadersOnCopy, ); }; };
		556B129B29C300EA0045A41D /* Main.html in Resources */ = {isa = PBXBuildFile; fileRef = 556B125E29C300E70045A41D /* Main.html */; };
		556B129C29C300EA0045A41D /* Main.html in Resources */ = {isa = PBXBuildFile; fileRef = 556B125E29C300E70045A41D /* Main.html */; };
		556B129D29C300EA0045A41D /* Icon.png in Resources */ = {isa = PBXBuildFile; fileRef = 556B126029C300E70045A41D /* Icon.png */; };
		556B129E29C300EA0045A41D /* Icon.png in Resources */ = {isa = PBXBuildFile; fileRef = 556B126029C300E70045A41D /* Icon.png */; };
		556B129F29C300EA0045A41D /* Style.css in Resources */ = {isa = PBXBuildFile; fileRef = 556B126129C300E70045A41D /* Style.css */; };
		556B12A029C300EA0045A41D /* Style.css in Resources */ = {isa = PBXBuildFile; fileRef = 556B126129C300E70045A41D /* Style.css */; };
		556B12A129C300EA0045A41D /* Script.js in Resources */ = {isa = PBXBuildFile; fileRef = 556B126229C300E70045A41D /* Script.js */; };
		556B12A229C300EA0045A41D /* Script.js in Resources */ = {isa = PBXBuildFile; fileRef = 556B126229C300E70045A41D /* Script.js */; };
		556B12A329C300EA0045A41D /* ViewController.swift in Sources */ = {isa = PBXBuildFile; fileRef = 556B126329C300E70045A41D /* ViewController.swift */; };
		556B12A429C300EA0045A41D /* ViewController.swift in Sources */ = {isa = PBXBuildFile; fileRef = 556B126329C300E70045A41D /* ViewController.swift */; };
		556B12A529C300EA0045A41D /* Assets.xcassets in Resources */ = {isa = PBXBuildFile; fileRef = 556B126429C300EA0045A41D /* Assets.xcassets */; };
		556B12A629C300EA0045A41D /* Assets.xcassets in Resources */ = {isa = PBXBuildFile; fileRef = 556B126429C300EA0045A41D /* Assets.xcassets */; };
		556B12A729C300EA0045A41D /* SafariWebExtensionHandler.swift in Sources */ = {isa = PBXBuildFile; fileRef = 556B126629C300EA0045A41D /* SafariWebExtensionHandler.swift */; };
		556B12A829C300EA0045A41D /* SafariWebExtensionHandler.swift in Sources */ = {isa = PBXBuildFile; fileRef = 556B126629C300EA0045A41D /* SafariWebExtensionHandler.swift */; };
		556B12CA29C300EB0045A41D /* content-script.css in Resources */ = {isa = PBXBuildFile; fileRef = 556B12BA29C300EA0045A41D /* content-script.css */; };
		556B12CB29C300EB0045A41D /* logo-128.png in Resources */ = {isa = PBXBuildFile; fileRef = 556B12BB29C300EA0045A41D /* logo-128.png */; };
		556B12CC29C300EB0045A41D /* popup.js in Resources */ = {isa = PBXBuildFile; fileRef = 556B12BC29C300EA0045A41D /* popup.js */; };
		556B12CD29C300EB0045A41D /* logo-16.png in Resources */ = {isa = PBXBuildFile; fileRef = 556B12BD29C300EA0045A41D /* logo-16.png */; };
		556B12CE29C300EB0045A41D /* background.js in Resources */ = {isa = PBXBuildFile; fileRef = 556B12BE29C300EA0045A41D /* background.js */; };
		556B12CF29C300EB0045A41D /* popup.html in Resources */ = {isa = PBXBuildFile; fileRef = 556B12BF29C300EA0045A41D /* popup.html */; };
		556B12D029C300EB0045A41D /* options.js in Resources */ = {isa = PBXBuildFile; fileRef = 556B12C029C300EA0045A41D /* options.js */; };
		556B12D129C300EB0045A41D /* logo-48.png in Resources */ = {isa = PBXBuildFile; fileRef = 556B12C129C300EA0045A41D /* logo-48.png */; };
		556B12D229C300EB0045A41D /* logo.png in Resources */ = {isa = PBXBuildFile; fileRef = 556B12C229C300EA0045A41D /* logo.png */; };
		556B12D329C300EB0045A41D /* manifest.json in Resources */ = {isa = PBXBuildFile; fileRef = 556B12C329C300EA0045A41D /* manifest.json */; };
		556B12D429C300EB0045A41D /* content-script.js in Resources */ = {isa = PBXBuildFile; fileRef = 556B12C429C300EA0045A41D /* content-script.js */; };
		556B12D529C300EB0045A41D /* logo-32.png in Resources */ = {isa = PBXBuildFile; fileRef = 556B12C529C300EA0045A41D /* logo-32.png */; };
		556B12D629C300EB0045A41D /* options.html in Resources */ = {isa = PBXBuildFile; fileRef = 556B12C629C300EA0045A41D /* options.html */; };
		556B12D729C300EB0045A41D /* popup.css in Resources */ = {isa = PBXBuildFile; fileRef = 556B12C729C300EA0045A41D /* popup.css */; };
		556B12D829C300EB0045A41D /* _locales in Resources */ = {isa = PBXBuildFile; fileRef = 556B12C829C300EA0045A41D /* _locales */; };
		556B12D929C300EB0045A41D /* options.css in Resources */ = {isa = PBXBuildFile; fileRef = 556B12C929C300EB0045A41D /* options.css */; };
		556B12DA29C300EB0045A41D /* content-script.css in Resources */ = {isa = PBXBuildFile; fileRef = 556B12BA29C300EA0045A41D /* content-script.css */; };
		556B12DB29C300EB0045A41D /* logo-128.png in Resources */ = {isa = PBXBuildFile; fileRef = 556B12BB29C300EA0045A41D /* logo-128.png */; };
		556B12DC29C300EB0045A41D /* popup.js in Resources */ = {isa = PBXBuildFile; fileRef = 556B12BC29C300EA0045A41D /* popup.js */; };
		556B12DD29C300EB0045A41D /* logo-16.png in Resources */ = {isa = PBXBuildFile; fileRef = 556B12BD29C300EA0045A41D /* logo-16.png */; };
		556B12DE29C300EB0045A41D /* background.js in Resources */ = {isa = PBXBuildFile; fileRef = 556B12BE29C300EA0045A41D /* background.js */; };
		556B12DF29C300EB0045A41D /* popup.html in Resources */ = {isa = PBXBuildFile; fileRef = 556B12BF29C300EA0045A41D /* popup.html */; };
		556B12E029C300EB0045A41D /* options.js in Resources */ = {isa = PBXBuildFile; fileRef = 556B12C029C300EA0045A41D /* options.js */; };
		556B12E129C300EB0045A41D /* logo-48.png in Resources */ = {isa = PBXBuildFile; fileRef = 556B12C129C300EA0045A41D /* logo-48.png */; };
		556B12E229C300EB0045A41D /* logo.png in Resources */ = {isa = PBXBuildFile; fileRef = 556B12C229C300EA0045A41D /* logo.png */; };
		556B12E329C300EB0045A41D /* manifest.json in Resources */ = {isa = PBXBuildFile; fileRef = 556B12C329C300EA0045A41D /* manifest.json */; };
		556B12E429C300EB0045A41D /* content-script.js in Resources */ = {isa = PBXBuildFile; fileRef = 556B12C429C300EA0045A41D /* content-script.js */; };
		556B12E529C300EB0045A41D /* logo-32.png in Resources */ = {isa = PBXBuildFile; fileRef = 556B12C529C300EA0045A41D /* logo-32.png */; };
		556B12E629C300EB0045A41D /* options.html in Resources */ = {isa = PBXBuildFile; fileRef = 556B12C629C300EA0045A41D /* options.html */; };
		556B12E729C300EB0045A41D /* popup.css in Resources */ = {isa = PBXBuildFile; fileRef = 556B12C729C300EA0045A41D /* popup.css */; };
		556B12E829C300EB0045A41D /* _locales in Resources */ = {isa = PBXBuildFile; fileRef = 556B12C829C300EA0045A41D /* _locales */; };
		556B12E929C300EB0045A41D /* options.css in Resources */ = {isa = PBXBuildFile; fileRef = 556B12C929C300EB0045A41D /* options.css */; };
/* End PBXBuildFile section */

/* Begin PBXContainerItemProxy section */
		556B128C29C300EA0045A41D /* PBXContainerItemProxy */ = {
			isa = PBXContainerItemProxy;
			containerPortal = 556B125829C300E60045A41D /* Project object */;
			proxyType = 1;
			remoteGlobalIDString = 556B128929C300EA0045A41D;
			remoteInfo = "Glarity Extension (iOS)";
		};
		556B129629C300EA0045A41D /* PBXContainerItemProxy */ = {
			isa = PBXContainerItemProxy;
			containerPortal = 556B125829C300E60045A41D /* Project object */;
			proxyType = 1;
			remoteGlobalIDString = 556B129329C300EA0045A41D;
			remoteInfo = "Glarity Extension (macOS)";
		};
/* End PBXContainerItemProxy section */

/* Begin PBXCopyFilesBuildPhase section */
		556B12AE29C300EA0045A41D /* Embed Foundation Extensions */ = {
			isa = PBXCopyFilesBuildPhase;
			buildActionMask = 2147483647;
			dstPath = "";
			dstSubfolderSpec = 13;
			files = (
				556B128B29C300EA0045A41D /* Glarity Extension.appex in Embed Foundation Extensions */,
			);
			name = "Embed Foundation Extensions";
			runOnlyForDeploymentPostprocessing = 0;
		};
		556B12B529C300EA0045A41D /* Embed Foundation Extensions */ = {
			isa = PBXCopyFilesBuildPhase;
			buildActionMask = 2147483647;
			dstPath = "";
			dstSubfolderSpec = 13;
			files = (
				556B129529C300EA0045A41D /* Glarity Extension.appex in Embed Foundation Extensions */,
			);
			name = "Embed Foundation Extensions";
			runOnlyForDeploymentPostprocessing = 0;
		};
/* End PBXCopyFilesBuildPhase section */

/* Begin PBXFileReference section */
		556B125F29C300E70045A41D /* Base */ = {isa = PBXFileReference; lastKnownFileType = text.html; name = Base; path = ../Base.lproj/Main.html; sourceTree = "<group>"; };
		556B126029C300E70045A41D /* Icon.png */ = {isa = PBXFileReference; lastKnownFileType = image.png; path = Icon.png; sourceTree = "<group>"; };
		556B126129C300E70045A41D /* Style.css */ = {isa = PBXFileReference; lastKnownFileType = text.css; path = Style.css; sourceTree = "<group>"; };
		556B126229C300E70045A41D /* Script.js */ = {isa = PBXFileReference; lastKnownFileType = sourcecode.javascript; path = Script.js; sourceTree = "<group>"; };
		556B126329C300E70045A41D /* ViewController.swift */ = {isa = PBXFileReference; lastKnownFileType = sourcecode.swift; path = ViewController.swift; sourceTree = "<group>"; };
		556B126429C300EA0045A41D /* Assets.xcassets */ = {isa = PBXFileReference; lastKnownFileType = folder.assetcatalog; path = Assets.xcassets; sourceTree = "<group>"; };
		556B126629C300EA0045A41D /* SafariWebExtensionHandler.swift */ = {isa = PBXFileReference; lastKnownFileType = sourcecode.swift; path = SafariWebExtensionHandler.swift; sourceTree = "<group>"; };
		556B126B29C300EA0045A41D /* Glarity.app */ = {isa = PBXFileReference; explicitFileType = wrapper.application; includeInIndex = 0; path = Glarity.app; sourceTree = BUILT_PRODUCTS_DIR; };
		556B126E29C300EA0045A41D /* AppDelegate.swift */ = {isa = PBXFileReference; lastKnownFileType = sourcecode.swift; path = AppDelegate.swift; sourceTree = "<group>"; };
		556B127029C300EA0045A41D /* SceneDelegate.swift */ = {isa = PBXFileReference; lastKnownFileType = sourcecode.swift; path = SceneDelegate.swift; sourceTree = "<group>"; };
		556B127329C300EA0045A41D /* Base */ = {isa = PBXFileReference; lastKnownFileType = file.storyboard; name = Base; path = Base.lproj/LaunchScreen.storyboard; sourceTree = "<group>"; };
		556B127629C300EA0045A41D /* Base */ = {isa = PBXFileReference; lastKnownFileType = file.storyboard; name = Base; path = Base.lproj/Main.storyboard; sourceTree = "<group>"; };
		556B127829C300EA0045A41D /* Info.plist */ = {isa = PBXFileReference; lastKnownFileType = text.plist.xml; path = Info.plist; sourceTree = "<group>"; };
		556B127D29C300EA0045A41D /* Glarity.app */ = {isa = PBXFileReference; explicitFileType = wrapper.application; includeInIndex = 0; path = Glarity.app; sourceTree = BUILT_PRODUCTS_DIR; };
		556B127F29C300EA0045A41D /* AppDelegate.swift */ = {isa = PBXFileReference; lastKnownFileType = sourcecode.swift; path = AppDelegate.swift; sourceTree = "<group>"; };
		556B128229C300EA0045A41D /* Base */ = {isa = PBXFileReference; lastKnownFileType = file.storyboard; name = Base; path = Base.lproj/Main.storyboard; sourceTree = "<group>"; };
		556B128429C300EA0045A41D /* Info.plist */ = {isa = PBXFileReference; lastKnownFileType = text.plist.xml; path = Info.plist; sourceTree = "<group>"; };
		556B128529C300EA0045A41D /* Glarity.entitlements */ = {isa = PBXFileReference; lastKnownFileType = text.plist.entitlements; path = Glarity.entitlements; sourceTree = "<group>"; };
		556B128A29C300EA0045A41D /* Glarity Extension.appex */ = {isa = PBXFileReference; explicitFileType = "wrapper.app-extension"; includeInIndex = 0; path = "Glarity Extension.appex"; sourceTree = BUILT_PRODUCTS_DIR; };
		556B128F29C300EA0045A41D /* Info.plist */ = {isa = PBXFileReference; lastKnownFileType = text.plist.xml; path = Info.plist; sourceTree = "<group>"; };
		556B129429C300EA0045A41D /* Glarity Extension.appex */ = {isa = PBXFileReference; explicitFileType = "wrapper.app-extension"; includeInIndex = 0; path = "Glarity Extension.appex"; sourceTree = BUILT_PRODUCTS_DIR; };
		556B129929C300EA0045A41D /* Info.plist */ = {isa = PBXFileReference; lastKnownFileType = text.plist.xml; path = Info.plist; sourceTree = "<group>"; };
		556B129A29C300EA0045A41D /* Glarity.entitlements */ = {isa = PBXFileReference; lastKnownFileType = text.plist.entitlements; path = Glarity.entitlements; sourceTree = "<group>"; };
		556B12BA29C300EA0045A41D /* content-script.css */ = {isa = PBXFileReference; lastKnownFileType = text.css; name = "content-script.css"; path = "../../../packages/chromium/content-script.css"; sourceTree = "<group>"; };
		556B12BB29C300EA0045A41D /* logo-128.png */ = {isa = PBXFileReference; lastKnownFileType = image.png; name = "logo-128.png"; path = "../../../packages/chromium/logo-128.png"; sourceTree = "<group>"; };
		556B12BC29C300EA0045A41D /* popup.js */ = {isa = PBXFileReference; lastKnownFileType = sourcecode.javascript; name = popup.js; path = ../../../packages/chromium/popup.js; sourceTree = "<group>"; };
		556B12BD29C300EA0045A41D /* logo-16.png */ = {isa = PBXFileReference; lastKnownFileType = image.png; name = "logo-16.png"; path = "../../../packages/chromium/logo-16.png"; sourceTree = "<group>"; };
		556B12BE29C300EA0045A41D /* background.js */ = {isa = PBXFileReference; lastKnownFileType = sourcecode.javascript; name = background.js; path = ../../../packages/chromium/background.js; sourceTree = "<group>"; };
		556B12BF29C300EA0045A41D /* popup.html */ = {isa = PBXFileReference; lastKnownFileType = text.html; name = popup.html; path = ../../../packages/chromium/popup.html; sourceTree = "<group>"; };
		556B12C029C300EA0045A41D /* options.js */ = {isa = PBXFileReference; lastKnownFileType = sourcecode.javascript; name = options.js; path = ../../../packages/chromium/options.js; sourceTree = "<group>"; };
		556B12C129C300EA0045A41D /* logo-48.png */ = {isa = PBXFileReference; lastKnownFileType = image.png; name = "logo-48.png"; path = "../../../packages/chromium/logo-48.png"; sourceTree = "<group>"; };
		556B12C229C300EA0045A41D /* logo.png */ = {isa = PBXFileReference; lastKnownFileType = image.png; name = logo.png; path = ../../../packages/chromium/logo.png; sourceTree = "<group>"; };
		556B12C329C300EA0045A41D /* manifest.json */ = {isa = PBXFileReference; lastKnownFileType = text.json; name = manifest.json; path = ../../../packages/chromium/manifest.json; sourceTree = "<group>"; };
		556B12C429C300EA0045A41D /* content-script.js */ = {isa = PBXFileReference; lastKnownFileType = sourcecode.javascript; name = "content-script.js"; path = "../../../packages/chromium/content-script.js"; sourceTree = "<group>"; };
		556B12C529C300EA0045A41D /* logo-32.png */ = {isa = PBXFileReference; lastKnownFileType = image.png; name = "logo-32.png"; path = "../../../packages/chromium/logo-32.png"; sourceTree = "<group>"; };
		556B12C629C300EA0045A41D /* options.html */ = {isa = PBXFileReference; lastKnownFileType = text.html; name = options.html; path = ../../../packages/chromium/options.html; sourceTree = "<group>"; };
		556B12C729C300EA0045A41D /* popup.css */ = {isa = PBXFileReference; lastKnownFileType = text.css; name = popup.css; path = ../../../packages/chromium/popup.css; sourceTree = "<group>"; };
		556B12C829C300EA0045A41D /* _locales */ = {isa = PBXFileReference; lastKnownFileType = folder; name = _locales; path = ../../../packages/chromium/_locales; sourceTree = "<group>"; };
		556B12C929C300EB0045A41D /* options.css */ = {isa = PBXFileReference; lastKnownFileType = text.css; name = options.css; path = ../../../packages/chromium/options.css; sourceTree = "<group>"; };
/* End PBXFileReference section */

/* Begin PBXFrameworksBuildPhase section */
		556B126829C300EA0045A41D /* Frameworks */ = {
			isa = PBXFrameworksBuildPhase;
			buildActionMask = 2147483647;
			files = (
			);
			runOnlyForDeploymentPostprocessing = 0;
		};
		556B127A29C300EA0045A41D /* Frameworks */ = {
			isa = PBXFrameworksBuildPhase;
			buildActionMask = 2147483647;
			files = (
			);
			runOnlyForDeploymentPostprocessing = 0;
		};
		556B128729C300EA0045A41D /* Frameworks */ = {
			isa = PBXFrameworksBuildPhase;
			buildActionMask = 2147483647;
			files = (
			);
			runOnlyForDeploymentPostprocessing = 0;
		};
		556B129129C300EA0045A41D /* Frameworks */ = {
			isa = PBXFrameworksBuildPhase;
			buildActionMask = 2147483647;
			files = (
			);
			runOnlyForDeploymentPostprocessing = 0;
		};
/* End PBXFrameworksBuildPhase section */

/* Begin PBXGroup section */
		556B125729C300E60045A41D = {
			isa = PBXGroup;
			children = (
				556B125C29C300E70045A41D /* Shared (App) */,
				556B126529C300EA0045A41D /* Shared (Extension) */,
				556B126D29C300EA0045A41D /* iOS (App) */,
				556B127E29C300EA0045A41D /* macOS (App) */,
				556B128E29C300EA0045A41D /* iOS (Extension) */,
				556B129829C300EA0045A41D /* macOS (Extension) */,
				556B126C29C300EA0045A41D /* Products */,
			);
			sourceTree = "<group>";
		};
		556B125C29C300E70045A41D /* Shared (App) */ = {
			isa = PBXGroup;
			children = (
				556B126329C300E70045A41D /* ViewController.swift */,
				556B126429C300EA0045A41D /* Assets.xcassets */,
				556B125D29C300E70045A41D /* Resources */,
			);
			path = "Shared (App)";
			sourceTree = "<group>";
		};
		556B125D29C300E70045A41D /* Resources */ = {
			isa = PBXGroup;
			children = (
				556B125E29C300E70045A41D /* Main.html */,
				556B126029C300E70045A41D /* Icon.png */,
				556B126129C300E70045A41D /* Style.css */,
				556B126229C300E70045A41D /* Script.js */,
			);
			path = Resources;
			sourceTree = "<group>";
		};
		556B126529C300EA0045A41D /* Shared (Extension) */ = {
			isa = PBXGroup;
			children = (
				556B12B929C300EA0045A41D /* Resources */,
				556B126629C300EA0045A41D /* SafariWebExtensionHandler.swift */,
			);
			path = "Shared (Extension)";
			sourceTree = "<group>";
		};
		556B126C29C300EA0045A41D /* Products */ = {
			isa = PBXGroup;
			children = (
				556B126B29C300EA0045A41D /* Glarity.app */,
				556B127D29C300EA0045A41D /* Glarity.app */,
				556B128A29C300EA0045A41D /* Glarity Extension.appex */,
				556B129429C300EA0045A41D /* Glarity Extension.appex */,
			);
			name = Products;
			sourceTree = "<group>";
		};
		556B126D29C300EA0045A41D /* iOS (App) */ = {
			isa = PBXGroup;
			children = (
				556B126E29C300EA0045A41D /* AppDelegate.swift */,
				556B127029C300EA0045A41D /* SceneDelegate.swift */,
				556B127229C300EA0045A41D /* LaunchScreen.storyboard */,
				556B127529C300EA0045A41D /* Main.storyboard */,
				556B127829C300EA0045A41D /* Info.plist */,
			);
			path = "iOS (App)";
			sourceTree = "<group>";
		};
		556B127E29C300EA0045A41D /* macOS (App) */ = {
			isa = PBXGroup;
			children = (
				556B127F29C300EA0045A41D /* AppDelegate.swift */,
				556B128129C300EA0045A41D /* Main.storyboard */,
				556B128429C300EA0045A41D /* Info.plist */,
				556B128529C300EA0045A41D /* Glarity.entitlements */,
			);
			path = "macOS (App)";
			sourceTree = "<group>";
		};
		556B128E29C300EA0045A41D /* iOS (Extension) */ = {
			isa = PBXGroup;
			children = (
				556B128F29C300EA0045A41D /* Info.plist */,
			);
			path = "iOS (Extension)";
			sourceTree = "<group>";
		};
		556B129829C300EA0045A41D /* macOS (Extension) */ = {
			isa = PBXGroup;
			children = (
				556B129929C300EA0045A41D /* Info.plist */,
				556B129A29C300EA0045A41D /* Glarity.entitlements */,
			);
			path = "macOS (Extension)";
			sourceTree = "<group>";
		};
		556B12B929C300EA0045A41D /* Resources */ = {
			isa = PBXGroup;
			children = (
				556B12BA29C300EA0045A41D /* content-script.css */,
				556B12BB29C300EA0045A41D /* logo-128.png */,
				556B12BC29C300EA0045A41D /* popup.js */,
				556B12BD29C300EA0045A41D /* logo-16.png */,
				556B12BE29C300EA0045A41D /* background.js */,
				556B12BF29C300EA0045A41D /* popup.html */,
				556B12C029C300EA0045A41D /* options.js */,
				556B12C129C300EA0045A41D /* logo-48.png */,
				556B12C229C300EA0045A41D /* logo.png */,
				556B12C329C300EA0045A41D /* manifest.json */,
				556B12C429C300EA0045A41D /* content-script.js */,
				556B12C529C300EA0045A41D /* logo-32.png */,
				556B12C629C300EA0045A41D /* options.html */,
				556B12C729C300EA0045A41D /* popup.css */,
				556B12C829C300EA0045A41D /* _locales */,
				556B12C929C300EB0045A41D /* options.css */,
			);
			name = Resources;
			path = "Shared (Extension)";
			sourceTree = SOURCE_ROOT;
		};
/* End PBXGroup section */

/* Begin PBXNativeTarget section */
		556B126A29C300EA0045A41D /* Glarity (iOS) */ = {
			isa = PBXNativeTarget;
			buildConfigurationList = 556B12AF29C300EA0045A41D /* Build configuration list for PBXNativeTarget "Glarity (iOS)" */;
			buildPhases = (
				556B126729C300EA0045A41D /* Sources */,
				556B126829C300EA0045A41D /* Frameworks */,
				556B126929C300EA0045A41D /* Resources */,
				556B12AE29C300EA0045A41D /* Embed Foundation Extensions */,
			);
			buildRules = (
			);
			dependencies = (
				556B128D29C300EA0045A41D /* PBXTargetDependency */,
			);
			name = "Glarity (iOS)";
			productName = "Glarity (iOS)";
			productReference = 556B126B29C300EA0045A41D /* Glarity.app */;
			productType = "com.apple.product-type.application";
		};
		556B127C29C300EA0045A41D /* Glarity (macOS) */ = {
			isa = PBXNativeTarget;
			buildConfigurationList = 556B12B629C300EA0045A41D /* Build configuration list for PBXNativeTarget "Glarity (macOS)" */;
			buildPhases = (
				556B127929C300EA0045A41D /* Sources */,
				556B127A29C300EA0045A41D /* Frameworks */,
				556B127B29C300EA0045A41D /* Resources */,
				556B12B529C300EA0045A41D /* Embed Foundation Extensions */,
			);
			buildRules = (
			);
			dependencies = (
				556B129729C300EA0045A41D /* PBXTargetDependency */,
			);
			name = "Glarity (macOS)";
			productName = "Glarity (macOS)";
			productReference = 556B127D29C300EA0045A41D /* Glarity.app */;
			productType = "com.apple.product-type.application";
		};
		556B128929C300EA0045A41D /* Glarity Extension (iOS) */ = {
			isa = PBXNativeTarget;
			buildConfigurationList = 556B12AB29C300EA0045A41D /* Build configuration list for PBXNativeTarget "Glarity Extension (iOS)" */;
			buildPhases = (
				556B128629C300EA0045A41D /* Sources */,
				556B128729C300EA0045A41D /* Frameworks */,
				556B128829C300EA0045A41D /* Resources */,
			);
			buildRules = (
			);
			dependencies = (
			);
			name = "Glarity Extension (iOS)";
			productName = "Glarity Extension (iOS)";
			productReference = 556B128A29C300EA0045A41D /* Glarity Extension.appex */;
			productType = "com.apple.product-type.app-extension";
		};
		556B129329C300EA0045A41D /* Glarity Extension (macOS) */ = {
			isa = PBXNativeTarget;
			buildConfigurationList = 556B12B229C300EA0045A41D /* Build configuration list for PBXNativeTarget "Glarity Extension (macOS)" */;
			buildPhases = (
				556B129029C300EA0045A41D /* Sources */,
				556B129129C300EA0045A41D /* Frameworks */,
				556B129229C300EA0045A41D /* Resources */,
			);
			buildRules = (
			);
			dependencies = (
			);
			name = "Glarity Extension (macOS)";
			productName = "Glarity Extension (macOS)";
			productReference = 556B129429C300EA0045A41D /* Glarity Extension.appex */;
			productType = "com.apple.product-type.app-extension";
		};
/* End PBXNativeTarget section */

/* Begin PBXProject section */
		556B125829C300E60045A41D /* Project object */ = {
			isa = PBXProject;
			attributes = {
				BuildIndependentTargetsInParallel = 1;
				LastSwiftUpdateCheck = 1420;
				LastUpgradeCheck = 1420;
				TargetAttributes = {
					556B126A29C300EA0045A41D = {
						CreatedOnToolsVersion = 14.2;
					};
					556B127C29C300EA0045A41D = {
						CreatedOnToolsVersion = 14.2;
					};
					556B128929C300EA0045A41D = {
						CreatedOnToolsVersion = 14.2;
					};
					556B129329C300EA0045A41D = {
						CreatedOnToolsVersion = 14.2;
					};
				};
			};
			buildConfigurationList = 556B125B29C300E60045A41D /* Build configuration list for PBXProject "Glarity" */;
			compatibilityVersion = "Xcode 14.0";
			developmentRegion = en;
			hasScannedForEncodings = 0;
			knownRegions = (
				en,
				Base,
			);
			mainGroup = 556B125729C300E60045A41D;
			productRefGroup = 556B126C29C300EA0045A41D /* Products */;
			projectDirPath = "";
			projectRoot = "";
			targets = (
				556B126A29C300EA0045A41D /* Glarity (iOS) */,
				556B127C29C300EA0045A41D /* Glarity (macOS) */,
				556B128929C300EA0045A41D /* Glarity Extension (iOS) */,
				556B129329C300EA0045A41D /* Glarity Extension (macOS) */,
			);
		};
/* End PBXProject section */

/* Begin PBXResourcesBuildPhase section */
		556B126929C300EA0045A41D /* Resources */ = {
			isa = PBXResourcesBuildPhase;
			buildActionMask = 2147483647;
			files = (
				556B129D29C300EA0045A41D /* Icon.png in Resources */,
				556B127429C300EA0045A41D /* LaunchScreen.storyboard in Resources */,
				556B129B29C300EA0045A41D /* Main.html in Resources */,
				556B12A129C300EA0045A41D /* Script.js in Resources */,
				556B12A529C300EA0045A41D /* Assets.xcassets in Resources */,
				556B127729C300EA0045A41D /* Main.storyboard in Resources */,
				556B129F29C300EA0045A41D /* Style.css in Resources */,
			);
			runOnlyForDeploymentPostprocessing = 0;
		};
		556B127B29C300EA0045A41D /* Resources */ = {
			isa = PBXResourcesBuildPhase;
			buildActionMask = 2147483647;
			files = (
				556B129E29C300EA0045A41D /* Icon.png in Resources */,
				556B12A029C300EA0045A41D /* Style.css in Resources */,
				556B128329C300EA0045A41D /* Main.storyboard in Resources */,
				556B12A229C300EA0045A41D /* Script.js in Resources */,
				556B12A629C300EA0045A41D /* Assets.xcassets in Resources */,
				556B129C29C300EA0045A41D /* Main.html in Resources */,
			);
			runOnlyForDeploymentPostprocessing = 0;
		};
		556B128829C300EA0045A41D /* Resources */ = {
			isa = PBXResourcesBuildPhase;
			buildActionMask = 2147483647;
			files = (
				556B12E129C300EB0045A41D /* logo-48.png in Resources */,
				556B12DB29C300EB0045A41D /* logo-128.png in Resources */,
				556B12E629C300EB0045A41D /* options.html in Resources */,
				556B12E829C300EB0045A41D /* _locales in Resources */,
				556B12E329C300EB0045A41D /* manifest.json in Resources */,
				556B12E229C300EB0045A41D /* logo.png in Resources */,
				556B12DF29C300EB0045A41D /* popup.html in Resources */,
				556B12E529C300EB0045A41D /* logo-32.png in Resources */,
				556B12DC29C300EB0045A41D /* popup.js in Resources */,
				556B12E729C300EB0045A41D /* popup.css in Resources */,
				556B12E029C300EB0045A41D /* options.js in Resources */,
				556B12DA29C300EB0045A41D /* content-script.css in Resources */,
				556B12DD29C300EB0045A41D /* logo-16.png in Resources */,
				556B12E429C300EB0045A41D /* content-script.js in Resources */,
				556B12E929C300EB0045A41D /* options.css in Resources */,
				556B12DE29C300EB0045A41D /* background.js in Resources */,
			);
			runOnlyForDeploymentPostprocessing = 0;
		};
		556B129229C300EA0045A41D /* Resources */ = {
			isa = PBXResourcesBuildPhase;
			buildActionMask = 2147483647;
			files = (
				556B12D129C300EB0045A41D /* logo-48.png in Resources */,
				556B12CB29C300EB0045A41D /* logo-128.png in Resources */,
				556B12D629C300EB0045A41D /* options.html in Resources */,
				556B12D829C300EB0045A41D /* _locales in Resources */,
				556B12D329C300EB0045A41D /* manifest.json in Resources */,
				556B12D229C300EB0045A41D /* logo.png in Resources */,
				556B12CF29C300EB0045A41D /* popup.html in Resources */,
				556B12D529C300EB0045A41D /* logo-32.png in Resources */,
				556B12CC29C300EB0045A41D /* popup.js in Resources */,
				556B12D729C300EB0045A41D /* popup.css in Resources */,
				556B12D029C300EB0045A41D /* options.js in Resources */,
				556B12CA29C300EB0045A41D /* content-script.css in Resources */,
				556B12CD29C300EB0045A41D /* logo-16.png in Resources */,
				556B12D429C300EB0045A41D /* content-script.js in Resources */,
				556B12D929C300EB0045A41D /* options.css in Resources */,
				556B12CE29C300EB0045A41D /* background.js in Resources */,
			);
			runOnlyForDeploymentPostprocessing = 0;
		};
/* End PBXResourcesBuildPhase section */

/* Begin PBXSourcesBuildPhase section */
		556B126729C300EA0045A41D /* Sources */ = {
			isa = PBXSourcesBuildPhase;
			buildActionMask = 2147483647;
			files = (
				556B12A329C300EA0045A41D /* ViewController.swift in Sources */,
				556B126F29C300EA0045A41D /* AppDelegate.swift in Sources */,
				556B127129C300EA0045A41D /* SceneDelegate.swift in Sources */,
			);
			runOnlyForDeploymentPostprocessing = 0;
		};
		556B127929C300EA0045A41D /* Sources */ = {
			isa = PBXSourcesBuildPhase;
			buildActionMask = 2147483647;
			files = (
				556B12A429C300EA0045A41D /* ViewController.swift in Sources */,
				556B128029C300EA0045A41D /* AppDelegate.swift in Sources */,
			);
			runOnlyForDeploymentPostprocessing = 0;
		};
		556B128629C300EA0045A41D /* Sources */ = {
			isa = PBXSourcesBuildPhase;
			buildActionMask = 2147483647;
			files = (
				556B12A729C300EA0045A41D /* SafariWebExtensionHandler.swift in Sources */,
			);
			runOnlyForDeploymentPostprocessing = 0;
		};
		556B129029C300EA0045A41D /* Sources */ = {
			isa = PBXSourcesBuildPhase;
			buildActionMask = 2147483647;
			files = (
				556B12A829C300EA0045A41D /* SafariWebExtensionHandler.swift in Sources */,
			);
			runOnlyForDeploymentPostprocessing = 0;
		};
/* End PBXSourcesBuildPhase section */

/* Begin PBXTargetDependency section */
		556B128D29C300EA0045A41D /* PBXTargetDependency */ = {
			isa = PBXTargetDependency;
			target = 556B128929C300EA0045A41D /* Glarity Extension (iOS) */;
			targetProxy = 556B128C29C300EA0045A41D /* PBXContainerItemProxy */;
		};
		556B129729C300EA0045A41D /* PBXTargetDependency */ = {
			isa = PBXTargetDependency;
			target = 556B129329C300EA0045A41D /* Glarity Extension (macOS) */;
			targetProxy = 556B129629C300EA0045A41D /* PBXContainerItemProxy */;
		};
/* End PBXTargetDependency section */

/* Begin PBXVariantGroup section */
		556B125E29C300E70045A41D /* Main.html */ = {
			isa = PBXVariantGroup;
			children = (
				556B125F29C300E70045A41D /* Base */,
			);
			name = Main.html;
			sourceTree = "<group>";
		};
		556B127229C300EA0045A41D /* LaunchScreen.storyboard */ = {
			isa = PBXVariantGroup;
			children = (
				556B127329C300EA0045A41D /* Base */,
			);
			name = LaunchScreen.storyboard;
			sourceTree = "<group>";
		};
		556B127529C300EA0045A41D /* Main.storyboard */ = {
			isa = PBXVariantGroup;
			children = (
				556B127629C300EA0045A41D /* Base */,
			);
			name = Main.storyboard;
			sourceTree = "<group>";
		};
		556B128129C300EA0045A41D /* Main.storyboard */ = {
			isa = PBXVariantGroup;
			children = (
				556B128229C300EA0045A41D /* Base */,
			);
			name = Main.storyboard;
			sourceTree = "<group>";
		};
/* End PBXVariantGroup section */

/* Begin XCBuildConfiguration section */
		556B12A929C300EA0045A41D /* Debug */ = {
			isa = XCBuildConfiguration;
			buildSettings = {
				ALWAYS_SEARCH_USER_PATHS = NO;
				CLANG_ANALYZER_NONNULL = YES;
				CLANG_ANALYZER_NUMBER_OBJECT_CONVERSION = YES_AGGRESSIVE;
				CLANG_CXX_LANGUAGE_STANDARD = "gnu++20";
				CLANG_ENABLE_MODULES = YES;
				CLANG_ENABLE_OBJC_ARC = YES;
				CLANG_ENABLE_OBJC_WEAK = YES;
				CLANG_WARN_BLOCK_CAPTURE_AUTORELEASING = YES;
				CLANG_WARN_BOOL_CONVERSION = YES;
				CLANG_WARN_COMMA = YES;
				CLANG_WARN_CONSTANT_CONVERSION = YES;
				CLANG_WARN_DEPRECATED_OBJC_IMPLEMENTATIONS = YES;
				CLANG_WARN_DIRECT_OBJC_ISA_USAGE = YES_ERROR;
				CLANG_WARN_DOCUMENTATION_COMMENTS = YES;
				CLANG_WARN_EMPTY_BODY = YES;
				CLANG_WARN_ENUM_CONVERSION = YES;
				CLANG_WARN_INFINITE_RECURSION = YES;
				CLANG_WARN_INT_CONVERSION = YES;
				CLANG_WARN_NON_LITERAL_NULL_CONVERSION = YES;
				CLANG_WARN_OBJC_IMPLICIT_RETAIN_SELF = YES;
				CLANG_WARN_OBJC_LITERAL_CONVERSION = YES;
				CLANG_WARN_OBJC_ROOT_CLASS = YES_ERROR;
				CLANG_WARN_QUOTED_INCLUDE_IN_FRAMEWORK_HEADER = YES;
				CLANG_WARN_RANGE_LOOP_ANALYSIS = YES;
				CLANG_WARN_STRICT_PROTOTYPES = YES;
				CLANG_WARN_SUSPICIOUS_MOVE = YES;
				CLANG_WARN_UNGUARDED_AVAILABILITY = YES_AGGRESSIVE;
				CLANG_WARN_UNREACHABLE_CODE = YES;
				CLANG_WARN__DUPLICATE_METHOD_MATCH = YES;
				COPY_PHASE_STRIP = NO;
				DEBUG_INFORMATION_FORMAT = dwarf;
				ENABLE_STRICT_OBJC_MSGSEND = YES;
				ENABLE_TESTABILITY = YES;
				GCC_C_LANGUAGE_STANDARD = gnu11;
				GCC_DYNAMIC_NO_PIC = NO;
				GCC_NO_COMMON_BLOCKS = YES;
				GCC_OPTIMIZATION_LEVEL = 0;
				GCC_PREPROCESSOR_DEFINITIONS = (
					"DEBUG=1",
					"$(inherited)",
				);
				GCC_WARN_64_TO_32_BIT_CONVERSION = YES;
				GCC_WARN_ABOUT_RETURN_TYPE = YES_ERROR;
				GCC_WARN_UNDECLARED_SELECTOR = YES;
				GCC_WARN_UNINITIALIZED_AUTOS = YES_AGGRESSIVE;
				GCC_WARN_UNUSED_FUNCTION = YES;
				GCC_WARN_UNUSED_VARIABLE = YES;
				MTL_ENABLE_DEBUG_INFO = INCLUDE_SOURCE;
				MTL_FAST_MATH = YES;
				ONLY_ACTIVE_ARCH = YES;
				SWIFT_ACTIVE_COMPILATION_CONDITIONS = DEBUG;
				SWIFT_OPTIMIZATION_LEVEL = "-Onone";
			};
			name = Debug;
		};
		556B12AA29C300EA0045A41D /* Release */ = {
			isa = XCBuildConfiguration;
			buildSettings = {
				ALWAYS_SEARCH_USER_PATHS = NO;
				CLANG_ANALYZER_NONNULL = YES;
				CLANG_ANALYZER_NUMBER_OBJECT_CONVERSION = YES_AGGRESSIVE;
				CLANG_CXX_LANGUAGE_STANDARD = "gnu++20";
				CLANG_ENABLE_MODULES = YES;
				CLANG_ENABLE_OBJC_ARC = YES;
				CLANG_ENABLE_OBJC_WEAK = YES;
				CLANG_WARN_BLOCK_CAPTURE_AUTORELEASING = YES;
				CLANG_WARN_BOOL_CONVERSION = YES;
				CLANG_WARN_COMMA = YES;
				CLANG_WARN_CONSTANT_CONVERSION = YES;
				CLANG_WARN_DEPRECATED_OBJC_IMPLEMENTATIONS = YES;
				CLANG_WARN_DIRECT_OBJC_ISA_USAGE = YES_ERROR;
				CLANG_WARN_DOCUMENTATION_COMMENTS = YES;
				CLANG_WARN_EMPTY_BODY = YES;
				CLANG_WARN_ENUM_CONVERSION = YES;
				CLANG_WARN_INFINITE_RECURSION = YES;
				CLANG_WARN_INT_CONVERSION = YES;
				CLANG_WARN_NON_LITERAL_NULL_CONVERSION = YES;
				CLANG_WARN_OBJC_IMPLICIT_RETAIN_SELF = YES;
				CLANG_WARN_OBJC_LITERAL_CONVERSION = YES;
				CLANG_WARN_OBJC_ROOT_CLASS = YES_ERROR;
				CLANG_WARN_QUOTED_INCLUDE_IN_FRAMEWORK_HEADER = YES;
				CLANG_WARN_RANGE_LOOP_ANALYSIS = YES;
				CLANG_WARN_STRICT_PROTOTYPES = YES;
				CLANG_WARN_SUSPICIOUS_MOVE = YES;
				CLANG_WARN_UNGUARDED_AVAILABILITY = YES_AGGRESSIVE;
				CLANG_WARN_UNREACHABLE_CODE = YES;
				CLANG_WARN__DUPLICATE_METHOD_MATCH = YES;
				COPY_PHASE_STRIP = NO;
				DEBUG_INFORMATION_FORMAT = "dwarf-with-dsym";
				ENABLE_NS_ASSERTIONS = NO;
				ENABLE_STRICT_OBJC_MSGSEND = YES;
				GCC_C_LANGUAGE_STANDARD = gnu11;
				GCC_NO_COMMON_BLOCKS = YES;
				GCC_WARN_64_TO_32_BIT_CONVERSION = YES;
				GCC_WARN_ABOUT_RETURN_TYPE = YES_ERROR;
				GCC_WARN_UNDECLARED_SELECTOR = YES;
				GCC_WARN_UNINITIALIZED_AUTOS = YES_AGGRESSIVE;
				GCC_WARN_UNUSED_FUNCTION = YES;
				GCC_WARN_UNUSED_VARIABLE = YES;
				MTL_ENABLE_DEBUG_INFO = NO;
				MTL_FAST_MATH = YES;
				SWIFT_COMPILATION_MODE = wholemodule;
				SWIFT_OPTIMIZATION_LEVEL = "-O";
			};
			name = Release;
		};
		556B12AC29C300EA0045A41D /* Debug */ = {
			isa = XCBuildConfiguration;
			buildSettings = {
				CODE_SIGN_STYLE = Automatic;
				CURRENT_PROJECT_VERSION = 1;
				GENERATE_INFOPLIST_FILE = YES;
				INFOPLIST_FILE = "iOS (Extension)/Info.plist";
				INFOPLIST_KEY_CFBundleDisplayName = "Glarity Extension";
				INFOPLIST_KEY_NSHumanReadableCopyright = "";
				IPHONEOS_DEPLOYMENT_TARGET = 15.0;
				LD_RUNPATH_SEARCH_PATHS = (
					"$(inherited)",
					"@executable_path/Frameworks",
					"@executable_path/../../Frameworks",
				);
				MARKETING_VERSION = 1.0;
				OTHER_LDFLAGS = (
					"-framework",
					SafariServices,
				);
				PRODUCT_BUNDLE_IDENTIFIER = com.yourCompany.Glarity.Extension;
				PRODUCT_NAME = "Glarity Extension";
				SDKROOT = iphoneos;
				SKIP_INSTALL = YES;
				SWIFT_EMIT_LOC_STRINGS = YES;
				SWIFT_VERSION = 5.0;
				TARGETED_DEVICE_FAMILY = "1,2";
			};
			name = Debug;
		};
		556B12AD29C300EA0045A41D /* Release */ = {
			isa = XCBuildConfiguration;
			buildSettings = {
				CODE_SIGN_STYLE = Automatic;
				CURRENT_PROJECT_VERSION = 1;
				GENERATE_INFOPLIST_FILE = YES;
				INFOPLIST_FILE = "iOS (Extension)/Info.plist";
				INFOPLIST_KEY_CFBundleDisplayName = "Glarity Extension";
				INFOPLIST_KEY_NSHumanReadableCopyright = "";
				IPHONEOS_DEPLOYMENT_TARGET = 15.0;
				LD_RUNPATH_SEARCH_PATHS = (
					"$(inherited)",
					"@executable_path/Frameworks",
					"@executable_path/../../Frameworks",
				);
				MARKETING_VERSION = 1.0;
				OTHER_LDFLAGS = (
					"-framework",
					SafariServices,
				);
				PRODUCT_BUNDLE_IDENTIFIER = com.yourCompany.Glarity.Extension;
				PRODUCT_NAME = "Glarity Extension";
				SDKROOT = iphoneos;
				SKIP_INSTALL = YES;
				SWIFT_EMIT_LOC_STRINGS = YES;
				SWIFT_VERSION = 5.0;
				TARGETED_DEVICE_FAMILY = "1,2";
				VALIDATE_PRODUCT = YES;
			};
			name = Release;
		};
		556B12B029C300EA0045A41D /* Debug */ = {
			isa = XCBuildConfiguration;
			buildSettings = {
				ALWAYS_EMBED_SWIFT_STANDARD_LIBRARIES = YES;
				ASSETCATALOG_COMPILER_APPICON_NAME = AppIcon;
				ASSETCATALOG_COMPILER_GLOBAL_ACCENT_COLOR_NAME = AccentColor;
				CODE_SIGN_STYLE = Automatic;
				CURRENT_PROJECT_VERSION = 1;
				GENERATE_INFOPLIST_FILE = YES;
				INFOPLIST_FILE = "iOS (App)/Info.plist";
				INFOPLIST_KEY_CFBundleDisplayName = Glarity;
				INFOPLIST_KEY_UIApplicationSupportsIndirectInputEvents = YES;
				INFOPLIST_KEY_UILaunchStoryboardName = LaunchScreen;
				INFOPLIST_KEY_UIMainStoryboardFile = Main;
				INFOPLIST_KEY_UISupportedInterfaceOrientations = "UIInterfaceOrientationPortrait UIInterfaceOrientationLandscapeLeft UIInterfaceOrientationLandscapeRight";
				INFOPLIST_KEY_UISupportedInterfaceOrientations_iPad = "UIInterfaceOrientationPortrait UIInterfaceOrientationPortraitUpsideDown UIInterfaceOrientationLandscapeLeft UIInterfaceOrientationLandscapeRight";
				IPHONEOS_DEPLOYMENT_TARGET = 15.0;
				LD_RUNPATH_SEARCH_PATHS = (
					"$(inherited)",
					"@executable_path/Frameworks",
				);
				MARKETING_VERSION = 1.0;
				OTHER_LDFLAGS = (
					"-framework",
					SafariServices,
					"-framework",
					WebKit,
				);
				PRODUCT_BUNDLE_IDENTIFIER = com.yourCompany.Glarity;
				PRODUCT_NAME = Glarity;
				SDKROOT = iphoneos;
				SWIFT_EMIT_LOC_STRINGS = YES;
				SWIFT_VERSION = 5.0;
				TARGETED_DEVICE_FAMILY = "1,2";
			};
			name = Debug;
		};
		556B12B129C300EA0045A41D /* Release */ = {
			isa = XCBuildConfiguration;
			buildSettings = {
				ALWAYS_EMBED_SWIFT_STANDARD_LIBRARIES = YES;
				ASSETCATALOG_COMPILER_APPICON_NAME = AppIcon;
				ASSETCATALOG_COMPILER_GLOBAL_ACCENT_COLOR_NAME = AccentColor;
				CODE_SIGN_STYLE = Automatic;
				CURRENT_PROJECT_VERSION = 1;
				GENERATE_INFOPLIST_FILE = YES;
				INFOPLIST_FILE = "iOS (App)/Info.plist";
				INFOPLIST_KEY_CFBundleDisplayName = Glarity;
				INFOPLIST_KEY_UIApplicationSupportsIndirectInputEvents = YES;
				INFOPLIST_KEY_UILaunchStoryboardName = LaunchScreen;
				INFOPLIST_KEY_UIMainStoryboardFile = Main;
				INFOPLIST_KEY_UISupportedInterfaceOrientations = "UIInterfaceOrientationPortrait UIInterfaceOrientationLandscapeLeft UIInterfaceOrientationLandscapeRight";
				INFOPLIST_KEY_UISupportedInterfaceOrientations_iPad = "UIInterfaceOrientationPortrait UIInterfaceOrientationPortraitUpsideDown UIInterfaceOrientationLandscapeLeft UIInterfaceOrientationLandscapeRight";
				IPHONEOS_DEPLOYMENT_TARGET = 15.0;
				LD_RUNPATH_SEARCH_PATHS = (
					"$(inherited)",
					"@executable_path/Frameworks",
				);
				MARKETING_VERSION = 1.0;
				OTHER_LDFLAGS = (
					"-framework",
					SafariServices,
					"-framework",
					WebKit,
				);
				PRODUCT_BUNDLE_IDENTIFIER = com.yourCompany.Glarity;
				PRODUCT_NAME = Glarity;
				SDKROOT = iphoneos;
				SWIFT_EMIT_LOC_STRINGS = YES;
				SWIFT_VERSION = 5.0;
				TARGETED_DEVICE_FAMILY = "1,2";
				VALIDATE_PRODUCT = YES;
			};
			name = Release;
		};
		556B12B329C300EA0045A41D /* Debug */ = {
			isa = XCBuildConfiguration;
			buildSettings = {
				CODE_SIGN_ENTITLEMENTS = "macOS (Extension)/Glarity.entitlements";
				CODE_SIGN_STYLE = Automatic;
				CURRENT_PROJECT_VERSION = 1;
				ENABLE_HARDENED_RUNTIME = YES;
				GENERATE_INFOPLIST_FILE = YES;
				INFOPLIST_FILE = "macOS (Extension)/Info.plist";
				INFOPLIST_KEY_CFBundleDisplayName = "Glarity Extension";
				INFOPLIST_KEY_NSHumanReadableCopyright = "";
				LD_RUNPATH_SEARCH_PATHS = (
					"$(inherited)",
					"@executable_path/../Frameworks",
					"@executable_path/../../../../Frameworks",
				);
				MACOSX_DEPLOYMENT_TARGET = 10.14;
				MARKETING_VERSION = 1.0;
				OTHER_LDFLAGS = (
					"-framework",
					SafariServices,
				);
				PRODUCT_BUNDLE_IDENTIFIER = com.yourCompany.Glarity.Extension;
				PRODUCT_NAME = "Glarity Extension";
				SDKROOT = macosx;
				SKIP_INSTALL = YES;
				SWIFT_EMIT_LOC_STRINGS = YES;
				SWIFT_VERSION = 5.0;
			};
			name = Debug;
		};
		556B12B429C300EA0045A41D /* Release */ = {
			isa = XCBuildConfiguration;
			buildSettings = {
				CODE_SIGN_ENTITLEMENTS = "macOS (Extension)/Glarity.entitlements";
				CODE_SIGN_STYLE = Automatic;
				CURRENT_PROJECT_VERSION = 1;
				ENABLE_HARDENED_RUNTIME = YES;
				GENERATE_INFOPLIST_FILE = YES;
				INFOPLIST_FILE = "macOS (Extension)/Info.plist";
				INFOPLIST_KEY_CFBundleDisplayName = "Glarity Extension";
				INFOPLIST_KEY_NSHumanReadableCopyright = "";
				LD_RUNPATH_SEARCH_PATHS = (
					"$(inherited)",
					"@executable_path/../Frameworks",
					"@executable_path/../../../../Frameworks",
				);
				MACOSX_DEPLOYMENT_TARGET = 10.14;
				MARKETING_VERSION = 1.0;
				OTHER_LDFLAGS = (
					"-framework",
					SafariServices,
				);
				PRODUCT_BUNDLE_IDENTIFIER = com.yourCompany.Glarity.Extension;
				PRODUCT_NAME = "Glarity Extension";
				SDKROOT = macosx;
				SKIP_INSTALL = YES;
				SWIFT_EMIT_LOC_STRINGS = YES;
				SWIFT_VERSION = 5.0;
			};
			name = Release;
		};
		556B12B729C300EA0045A41D /* Debug */ = {
			isa = XCBuildConfiguration;
			buildSettings = {
				ALWAYS_EMBED_SWIFT_STANDARD_LIBRARIES = YES;
				ASSETCATALOG_COMPILER_APPICON_NAME = AppIcon;
				ASSETCATALOG_COMPILER_GLOBAL_ACCENT_COLOR_NAME = AccentColor;
				CODE_SIGN_ENTITLEMENTS = "macOS (App)/Glarity.entitlements";
				CODE_SIGN_STYLE = Automatic;
				CURRENT_PROJECT_VERSION = 1;
				ENABLE_HARDENED_RUNTIME = YES;
				GENERATE_INFOPLIST_FILE = YES;
				INFOPLIST_FILE = "macOS (App)/Info.plist";
				INFOPLIST_KEY_CFBundleDisplayName = Glarity;
				INFOPLIST_KEY_NSMainStoryboardFile = Main;
				INFOPLIST_KEY_NSPrincipalClass = NSApplication;
				LD_RUNPATH_SEARCH_PATHS = (
					"$(inherited)",
					"@executable_path/../Frameworks",
				);
				MACOSX_DEPLOYMENT_TARGET = 10.14;
				MARKETING_VERSION = 1.0;
				OTHER_LDFLAGS = (
					"-framework",
					SafariServices,
					"-framework",
					WebKit,
				);
				PRODUCT_BUNDLE_IDENTIFIER = com.yourCompany.Glarity;
				PRODUCT_NAME = Glarity;
				SDKROOT = macosx;
				SWIFT_EMIT_LOC_STRINGS = YES;
				SWIFT_VERSION = 5.0;
			};
			name = Debug;
		};
		556B12B829C300EA0045A41D /* Release */ = {
			isa = XCBuildConfiguration;
			buildSettings = {
				ALWAYS_EMBED_SWIFT_STANDARD_LIBRARIES = YES;
				ASSETCATALOG_COMPILER_APPICON_NAME = AppIcon;
				ASSETCATALOG_COMPILER_GLOBAL_ACCENT_COLOR_NAME = AccentColor;
				CODE_SIGN_ENTITLEMENTS = "macOS (App)/Glarity.entitlements";
				CODE_SIGN_STYLE = Automatic;
				CURRENT_PROJECT_VERSION = 1;
				ENABLE_HARDENED_RUNTIME = YES;
				GENERATE_INFOPLIST_FILE = YES;
				INFOPLIST_FILE = "macOS (App)/Info.plist";
				INFOPLIST_KEY_CFBundleDisplayName = Glarity;
				INFOPLIST_KEY_NSMainStoryboardFile = Main;
				INFOPLIST_KEY_NSPrincipalClass = NSApplication;
				LD_RUNPATH_SEARCH_PATHS = (
					"$(inherited)",
					"@executable_path/../Frameworks",
				);
				MACOSX_DEPLOYMENT_TARGET = 10.14;
				MARKETING_VERSION = 1.0;
				OTHER_LDFLAGS = (
					"-framework",
					SafariServices,
					"-framework",
					WebKit,
				);
				PRODUCT_BUNDLE_IDENTIFIER = com.yourCompany.Glarity;
				PRODUCT_NAME = Glarity;
				SDKROOT = macosx;
				SWIFT_EMIT_LOC_STRINGS = YES;
				SWIFT_VERSION = 5.0;
			};
			name = Release;
		};
/* End XCBuildConfiguration section */

/* Begin XCConfigurationList section */
		556B125B29C300E60045A41D /* Build configuration list for PBXProject "Glarity" */ = {
			isa = XCConfigurationList;
			buildConfigurations = (
				556B12A929C300EA0045A41D /* Debug */,
				556B12AA29C300EA0045A41D /* Release */,
			);
			defaultConfigurationIsVisible = 0;
			defaultConfigurationName = Release;
		};
		556B12AB29C300EA0045A41D /* Build configuration list for PBXNativeTarget "Glarity Extension (iOS)" */ = {
			isa = XCConfigurationList;
			buildConfigurations = (
				556B12AC29C300EA0045A41D /* Debug */,
				556B12AD29C300EA0045A41D /* Release */,
			);
			defaultConfigurationIsVisible = 0;
			defaultConfigurationName = Release;
		};
		556B12AF29C300EA0045A41D /* Build configuration list for PBXNativeTarget "Glarity (iOS)" */ = {
			isa = XCConfigurationList;
			buildConfigurations = (
				556B12B029C300EA0045A41D /* Debug */,
				556B12B129C300EA0045A41D /* Release */,
			);
			defaultConfigurationIsVisible = 0;
			defaultConfigurationName = Release;
		};
		556B12B229C300EA0045A41D /* Build configuration list for PBXNativeTarget "Glarity Extension (macOS)" */ = {
			isa = XCConfigurationList;
			buildConfigurations = (
				556B12B329C300EA0045A41D /* Debug */,
				556B12B429C300EA0045A41D /* Release */,
			);
			defaultConfigurationIsVisible = 0;
			defaultConfigurationName = Release;
		};
		556B12B629C300EA0045A41D /* Build configuration list for PBXNativeTarget "Glarity (macOS)" */ = {
			isa = XCConfigurationList;
			buildConfigurations = (
				556B12B729C300EA0045A41D /* Debug */,
				556B12B829C300EA0045A41D /* Release */,
			);
			defaultConfigurationIsVisible = 0;
			defaultConfigurationName = Release;
		};
/* End XCConfigurationList section */
	};
	rootObject = 556B125829C300E60045A41D /* Project object */;
}
